
Microsoft Visual Studio Solution File, Format Version 12.00
# Visual Studio Version 17
VisualStudioVersion = 17.0.31903.59
MinimumVisualStudioVersion = 10.0.40219.1
Project("{2150E333-8FDC-42A3-9474-1A3956D46DE8}") = "SharedKernel", "SharedKernel", "{E5E3DED4-833C-8448-2882-5E2DD65C4ABF}"
EndProject
Project("{FAE04EC0-301F-11D3-BF4B-00C04F79EFBC}") = "SGA.SharedKernel", "source\SharedKernel\SGA.SharedKernel\SGA.SharedKernel.csproj", "{FFF3B078-762F-46E2-B500-96DC4A1EB650}"
EndProject
Project("{2150E333-8FDC-42A3-9474-1A3956D46DE8}") = "Identity", "Identity", "{2FA89949-C014-61E3-9766-4043502A0423}"
EndProject
Project("{FAE04EC0-301F-11D3-BF4B-00C04F79EFBC}") = "SGA.Identity", "source\Identity\SGA.Identity\SGA.Identity.csproj", "{9D02AA97-F6D6-4BA8-9D20-01854245E921}"
EndProject
Project("{2150E333-8FDC-42A3-9474-1A3956D46DE8}") = "Messaging", "Messaging", "{AA81E3CF-C1BB-70B4-13CB-5131BB298347}"
EndProject
Project("{FAE04EC0-301F-11D3-BF4B-00C04F79EFBC}") = "SGA.Shared.Messaging", "source\Messaging\SGA.Shared.Messaging\SGA.Shared.Messaging.csproj", "{3E81B9E5-CB39-4FFD-B14E-B564AB3E6CDD}"
EndProject
Project("{2150E333-8FDC-42A3-9474-1A3956D46DE8}") = "app-web", "app-web", "{1D1F8310-286F-5133-EE11-D40AA773214F}"
EndProject
Project("{2150E333-8FDC-42A3-9474-1A3956D46DE8}") = "Core", "Core", "{3BC5EBCA-CA50-E3BA-9DD9-B83B8D15BB85}"
EndProject
Project("{FAE04EC0-301F-11D3-BF4B-00C04F79EFBC}") = "SGA.Web.Domain", "source\app-web\Core\SGA.Web.Domain\SGA.Web.Domain.csproj", "{0F27C6B0-C656-4408-96D4-98F9258DA0C8}"
EndProject
Project("{FAE04EC0-301F-11D3-BF4B-00C04F79EFBC}") = "SGA.Web.Application", "source\app-web\Core\SGA.Web.Application\SGA.Web.Application.csproj", "{BB3735E8-276F-4427-B02A-4A15F38CF4E9}"
EndProject
Project("{2150E333-8FDC-42A3-9474-1A3956D46DE8}") = "Infrastructure", "Infrastructure", "{AC1E3607-34A2-B747-DEB3-B18C207E6F00}"
EndProject
Project("{FAE04EC0-301F-11D3-BF4B-00C04F79EFBC}") = "SGA.Web.Infrastructure.Config", "source\app-web\Infrastructure\SGA.Web.Infrastructure.Config\SGA.Web.Infrastructure.Config.csproj", "{8CD28526-4E39-4C28-A6E2-86BC5514B704}"
EndProject
Project("{FAE04EC0-301F-11D3-BF4B-00C04F79EFBC}") = "SGA.Web.Infrastructure.Persistence", "source\app-web\Infrastructure\SGA.Web.Infrastructure.Persistence\SGA.Web.Infrastructure.Persistence.csproj", "{CDFFE95E-1458-4A2D-BB56-C4FDD4D035BF}"
EndProject
Project("{FAE04EC0-301F-11D3-BF4B-00C04F79EFBC}") = "SGA.Web.Infrastructure.Shared", "source\app-web\Infrastructure\SGA.Web.Infrastructure.Shared\SGA.Web.Infrastructure.Shared.csproj", "{C0A9C25C-0127-48E7-8DE4-AB9AD0117656}"
EndProject
Project("{2150E333-8FDC-42A3-9474-1A3956D46DE8}") = "IOC", "IOC", "{B78B22B8-D43A-1572-D1B1-CB778D542F54}"
EndProject
Project("{FAE04EC0-301F-11D3-BF4B-00C04F79EFBC}") = "SGA.Web.IoC", "source\app-web\IOC\SGA.Web.IoC\SGA.Web.IoC.csproj", "{7359E1B9-ACC9-4E66-B65B-FE74E947024A}"
EndProject
Project("{2150E333-8FDC-42A3-9474-1A3956D46DE8}") = "Api", "Api", "{6C5B4879-48AF-4744-6B93-2BAD7782E235}"
EndProject
Project("{FAE04EC0-301F-11D3-BF4B-00C04F79EFBC}") = "SGA.Web.Api", "source\app-web\Api\SGA.Web.Api\SGA.Web.Api.csproj", "{22CB1D05-20DC-4F1B-8018-3DF9CD5FBBB5}"
EndProject
Project("{2150E333-8FDC-42A3-9474-1A3956D46DE8}") = "Presentation", "Presentation", "{06B82AE4-9ECD-8B96-DD70-2827125F0481}"
EndProject
Project("{FAE04EC0-301F-11D3-BF4B-00C04F79EFBC}") = "SGA.Web.Mvc", "source\app-web\Presentation\SGA.Web.Mvc\SGA.Web.Mvc.csproj", "{9007128E-41F7-4C69-87E8-15B0242288C5}"
EndProject
Project("{2150E333-8FDC-42A3-9474-1A3956D46DE8}") = "app-desktop", "app-desktop", "{99FC21D6-5D61-7766-00CB-6816B334A6FA}"
EndProject
Project("{2150E333-8FDC-42A3-9474-1A3956D46DE8}") = "Core", "Core", "{50A82B4F-5B48-79DE-7932-5E08ECCE03EA}"
EndProject
Project("{FAE04EC0-301F-11D3-BF4B-00C04F79EFBC}") = "SGA.Desktop.Domain", "source\app-desktop\Core\SGA.Desktop.Domain\SGA.Desktop.Domain.csproj", "{AD3657B8-4F6A-4607-A15B-845F928C8CE1}"
EndProject
Project("{FAE04EC0-301F-11D3-BF4B-00C04F79EFBC}") = "SGA.Desktop.Application", "source\app-desktop\Core\SGA.Desktop.Application\SGA.Desktop.Application.csproj", "{D4BCFA5F-FBFD-4835-B998-8038D88206BF}"
EndProject
Project("{2150E333-8FDC-42A3-9474-1A3956D46DE8}") = "Infrastructure", "Infrastructure", "{7340D804-2E90-9C4B-06D7-D2131A3254A7}"
EndProject
Project("{FAE04EC0-301F-11D3-BF4B-00C04F79EFBC}") = "SGA.Desktop.Infrastructure.Config", "source\app-desktop\Infrastructure\SGA.Desktop.Infrastructure.Config\SGA.Desktop.Infrastructure.Config.csproj", "{772742E2-D0A2-431D-A0BC-A33F6F01E39C}"
EndProject
Project("{FAE04EC0-301F-11D3-BF4B-00C04F79EFBC}") = "SGA.Desktop.Infrastructure.Persistence", "source\app-desktop\Infrastructure\SGA.Desktop.Infrastructure.Persistence\SGA.Desktop.Infrastructure.Persistence.csproj", "{07AAFACC-5960-4B6C-9EC0-28370E284CC4}"
EndProject
Project("{FAE04EC0-301F-11D3-BF4B-00C04F79EFBC}") = "SGA.Desktop.Infrastructure.Shared", "source\app-desktop\Infrastructure\SGA.Desktop.Infrastructure.Shared\SGA.Desktop.Infrastructure.Shared.csproj", "{8744E8CD-732F-4286-9013-27EAC657D478}"
EndProject
Project("{2150E333-8FDC-42A3-9474-1A3956D46DE8}") = "IOC", "IOC", "{59D848E8-AF26-89D5-DBBD-6F2C94AEBAF8}"
EndProject
Project("{FAE04EC0-301F-11D3-BF4B-00C04F79EFBC}") = "SGA.Desktop.IoC", "source\app-desktop\IOC\SGA.Desktop.IoC\SGA.Desktop.IoC.csproj", "{77C2E4C2-DFD0-4E3D-B059-6D44D507AEDB}"
EndProject
Project("{2150E333-8FDC-42A3-9474-1A3956D46DE8}") = "Api", "Api", "{B5E62E2A-1904-3F59-F321-F591FFAEBDFD}"
EndProject
Project("{FAE04EC0-301F-11D3-BF4B-00C04F79EFBC}") = "SGA.Desktop.Api", "source\app-desktop\Api\SGA.Desktop.Api\SGA.Desktop.Api.csproj", "{74108CD8-DF23-4423-873C-861C6D092B9B}"
EndProject
Project("{2150E333-8FDC-42A3-9474-1A3956D46DE8}") = "Presentation", "Presentation", "{F6777E5F-40AC-C63A-020C-F9F0C7E485D0}"
EndProject
Project("{FAE04EC0-301F-11D3-BF4B-00C04F79EFBC}") = "SGA.Desktop.Wpf", "source\app-desktop\Presentation\SGA.Desktop.Wpf\SGA.Desktop.Wpf.csproj", "{B0FD3BA9-41BF-4F19-9CA4-670C6915444A}"
EndProject
Project("{2150E333-8FDC-42A3-9474-1A3956D46DE8}") = "tests", "tests", "{0AB3BF05-4346-4AA6-1389-037BE0695223}"
EndProject
Project("{2150E333-8FDC-42A3-9474-1A3956D46DE8}") = "app-web", "app-web", "{D5DC5947-936C-39F1-1D8A-814EE3AB1727}"
EndProject
Project("{FAE04EC0-301F-11D3-BF4B-00C04F79EFBC}") = "SGA.Web.Application.UnitTests", "tests\app-web\SGA.Web.Application.UnitTests\SGA.Web.Application.UnitTests.csproj", "{B864CD0E-0A6B-4DE3-A710-0766E63AE1F5}"
EndProject
Project("{FAE04EC0-301F-11D3-BF4B-00C04F79EFBC}") = "SGA.Web.Integration.Tests", "tests\app-web\SGA.Web.Integration.Tests\SGA.Web.Integration.Tests.csproj", "{88285C70-FF17-4676-95C3-3E38E34D15EE}"
EndProject
Project("{2150E333-8FDC-42A3-9474-1A3956D46DE8}") = "app-desktop", "app-desktop", "{00391815-9156-2E70-0766-93DA9EB147E5}"
EndProject
Project("{FAE04EC0-301F-11D3-BF4B-00C04F79EFBC}") = "SGA.Desktop.Application.UnitTests", "tests\app-desktop\SGA.Desktop.Application.UnitTests\SGA.Desktop.Application.UnitTests.csproj", "{16D349EE-D118-482A-BAF8-675DE0618E55}"
EndProject
Project("{FAE04EC0-301F-11D3-BF4B-00C04F79EFBC}") = "SGA.Desktop.Integration.Tests", "tests\app-desktop\SGA.Desktop.Integration.Tests\SGA.Desktop.Integration.Tests.csproj", "{BCF71AFD-57FA-4E2F-8B87-57964B02E9DA}"
EndProject
Global
	GlobalSection(SolutionConfigurationPlatforms) = preSolution
		Debug|Any CPU = Debug|Any CPU
		Debug|x64 = Debug|x64
		Debug|x86 = Debug|x86
		Release|Any CPU = Release|Any CPU
		Release|x64 = Release|x64
		Release|x86 = Release|x86
	EndGlobalSection
	GlobalSection(ProjectConfigurationPlatforms) = postSolution
		{FFF3B078-762F-46E2-B500-96DC4A1EB650}.Debug|Any CPU.ActiveCfg = Debug|Any CPU
		{FFF3B078-762F-46E2-B500-96DC4A1EB650}.Debug|Any CPU.Build.0 = Debug|Any CPU
		{FFF3B078-762F-46E2-B500-96DC4A1EB650}.Debug|x64.ActiveCfg = Debug|Any CPU
		{FFF3B078-762F-46E2-B500-96DC4A1EB650}.Debug|x64.Build.0 = Debug|Any CPU
		{FFF3B078-762F-46E2-B500-96DC4A1EB650}.Debug|x86.ActiveCfg = Debug|Any CPU
		{FFF3B078-762F-46E2-B500-96DC4A1EB650}.Debug|x86.Build.0 = Debug|Any CPU
		{FFF3B078-762F-46E2-B500-96DC4A1EB650}.Release|Any CPU.ActiveCfg = Release|Any CPU
		{FFF3B078-762F-46E2-B500-96DC4A1EB650}.Release|Any CPU.Build.0 = Release|Any CPU
		{FFF3B078-762F-46E2-B500-96DC4A1EB650}.Release|x64.ActiveCfg = Release|Any CPU
		{FFF3B078-762F-46E2-B500-96DC4A1EB650}.Release|x64.Build.0 = Release|Any CPU
		{FFF3B078-762F-46E2-B500-96DC4A1EB650}.Release|x86.ActiveCfg = Release|Any CPU
		{FFF3B078-762F-46E2-B500-96DC4A1EB650}.Release|x86.Build.0 = Release|Any CPU
		{9D02AA97-F6D6-4BA8-9D20-01854245E921}.Debug|Any CPU.ActiveCfg = Debug|Any CPU
		{9D02AA97-F6D6-4BA8-9D20-01854245E921}.Debug|Any CPU.Build.0 = Debug|Any CPU
		{9D02AA97-F6D6-4BA8-9D20-01854245E921}.Debug|x64.ActiveCfg = Debug|Any CPU
		{9D02AA97-F6D6-4BA8-9D20-01854245E921}.Debug|x64.Build.0 = Debug|Any CPU
		{9D02AA97-F6D6-4BA8-9D20-01854245E921}.Debug|x86.ActiveCfg = Debug|Any CPU
		{9D02AA97-F6D6-4BA8-9D20-01854245E921}.Debug|x86.Build.0 = Debug|Any CPU
		{9D02AA97-F6D6-4BA8-9D20-01854245E921}.Release|Any CPU.ActiveCfg = Release|Any CPU
		{9D02AA97-F6D6-4BA8-9D20-01854245E921}.Release|Any CPU.Build.0 = Release|Any CPU
		{9D02AA97-F6D6-4BA8-9D20-01854245E921}.Release|x64.ActiveCfg = Release|Any CPU
		{9D02AA97-F6D6-4BA8-9D20-01854245E921}.Release|x64.Build.0 = Release|Any CPU
		{9D02AA97-F6D6-4BA8-9D20-01854245E921}.Release|x86.ActiveCfg = Release|Any CPU
		{9D02AA97-F6D6-4BA8-9D20-01854245E921}.Release|x86.Build.0 = Release|Any CPU
		{3E81B9E5-CB39-4FFD-B14E-B564AB3E6CDD}.Debug|Any CPU.ActiveCfg = Debug|Any CPU
		{3E81B9E5-CB39-4FFD-B14E-B564AB3E6CDD}.Debug|Any CPU.Build.0 = Debug|Any CPU
		{3E81B9E5-CB39-4FFD-B14E-B564AB3E6CDD}.Debug|x64.ActiveCfg = Debug|Any CPU
		{3E81B9E5-CB39-4FFD-B14E-B564AB3E6CDD}.Debug|x64.Build.0 = Debug|Any CPU
		{3E81B9E5-CB39-4FFD-B14E-B564AB3E6CDD}.Debug|x86.ActiveCfg = Debug|Any CPU
		{3E81B9E5-CB39-4FFD-B14E-B564AB3E6CDD}.Debug|x86.Build.0 = Debug|Any CPU
		{3E81B9E5-CB39-4FFD-B14E-B564AB3E6CDD}.Release|Any CPU.ActiveCfg = Release|Any CPU
		{3E81B9E5-CB39-4FFD-B14E-B564AB3E6CDD}.Release|Any CPU.Build.0 = Release|Any CPU
		{3E81B9E5-CB39-4FFD-B14E-B564AB3E6CDD}.Release|x64.ActiveCfg = Release|Any CPU
		{3E81B9E5-CB39-4FFD-B14E-B564AB3E6CDD}.Release|x64.Build.0 = Release|Any CPU
		{3E81B9E5-CB39-4FFD-B14E-B564AB3E6CDD}.Release|x86.ActiveCfg = Release|Any CPU
		{3E81B9E5-CB39-4FFD-B14E-B564AB3E6CDD}.Release|x86.Build.0 = Release|Any CPU
		{0F27C6B0-C656-4408-96D4-98F9258DA0C8}.Debug|Any CPU.ActiveCfg = Debug|Any CPU
		{0F27C6B0-C656-4408-96D4-98F9258DA0C8}.Debug|Any CPU.Build.0 = Debug|Any CPU
		{0F27C6B0-C656-4408-96D4-98F9258DA0C8}.Debug|x64.ActiveCfg = Debug|Any CPU
		{0F27C6B0-C656-4408-96D4-98F9258DA0C8}.Debug|x64.Build.0 = Debug|Any CPU
		{0F27C6B0-C656-4408-96D4-98F9258DA0C8}.Debug|x86.ActiveCfg = Debug|Any CPU
		{0F27C6B0-C656-4408-96D4-98F9258DA0C8}.Debug|x86.Build.0 = Debug|Any CPU
		{0F27C6B0-C656-4408-96D4-98F9258DA0C8}.Release|Any CPU.ActiveCfg = Release|Any CPU
		{0F27C6B0-C656-4408-96D4-98F9258DA0C8}.Release|Any CPU.Build.0 = Release|Any CPU
		{0F27C6B0-C656-4408-96D4-98F9258DA0C8}.Release|x64.ActiveCfg = Release|Any CPU
		{0F27C6B0-C656-4408-96D4-98F9258DA0C8}.Release|x64.Build.0 = Release|Any CPU
		{0F27C6B0-C656-4408-96D4-98F9258DA0C8}.Release|x86.ActiveCfg = Release|Any CPU
		{0F27C6B0-C656-4408-96D4-98F9258DA0C8}.Release|x86.Build.0 = Release|Any CPU
		{BB3735E8-276F-4427-B02A-4A15F38CF4E9}.Debug|Any CPU.ActiveCfg = Debug|Any CPU
		{BB3735E8-276F-4427-B02A-4A15F38CF4E9}.Debug|Any CPU.Build.0 = Debug|Any CPU
		{BB3735E8-276F-4427-B02A-4A15F38CF4E9}.Debug|x64.ActiveCfg = Debug|Any CPU
		{BB3735E8-276F-4427-B02A-4A15F38CF4E9}.Debug|x64.Build.0 = Debug|Any CPU
		{BB3735E8-276F-4427-B02A-4A15F38CF4E9}.Debug|x86.ActiveCfg = Debug|Any CPU
		{BB3735E8-276F-4427-B02A-4A15F38CF4E9}.Debug|x86.Build.0 = Debug|Any CPU
		{BB3735E8-276F-4427-B02A-4A15F38CF4E9}.Release|Any CPU.ActiveCfg = Release|Any CPU
		{BB3735E8-276F-4427-B02A-4A15F38CF4E9}.Release|Any CPU.Build.0 = Release|Any CPU
		{BB3735E8-276F-4427-B02A-4A15F38CF4E9}.Release|x64.ActiveCfg = Release|Any CPU
		{BB3735E8-276F-4427-B02A-4A15F38CF4E9}.Release|x64.Build.0 = Release|Any CPU
		{BB3735E8-276F-4427-B02A-4A15F38CF4E9}.Release|x86.ActiveCfg = Release|Any CPU
		{BB3735E8-276F-4427-B02A-4A15F38CF4E9}.Release|x86.Build.0 = Release|Any CPU
		{8CD28526-4E39-4C28-A6E2-86BC5514B704}.Debug|Any CPU.ActiveCfg = Debug|Any CPU
		{8CD28526-4E39-4C28-A6E2-86BC5514B704}.Debug|Any CPU.Build.0 = Debug|Any CPU
		{8CD28526-4E39-4C28-A6E2-86BC5514B704}.Debug|x64.ActiveCfg = Debug|Any CPU
		{8CD28526-4E39-4C28-A6E2-86BC5514B704}.Debug|x64.Build.0 = Debug|Any CPU
		{8CD28526-4E39-4C28-A6E2-86BC5514B704}.Debug|x86.ActiveCfg = Debug|Any CPU
		{8CD28526-4E39-4C28-A6E2-86BC5514B704}.Debug|x86.Build.0 = Debug|Any CPU
		{8CD28526-4E39-4C28-A6E2-86BC5514B704}.Release|Any CPU.ActiveCfg = Release|Any CPU
		{8CD28526-4E39-4C28-A6E2-86BC5514B704}.Release|Any CPU.Build.0 = Release|Any CPU
		{8CD28526-4E39-4C28-A6E2-86BC5514B704}.Release|x64.ActiveCfg = Release|Any CPU
		{8CD28526-4E39-4C28-A6E2-86BC5514B704}.Release|x64.Build.0 = Release|Any CPU
		{8CD28526-4E39-4C28-A6E2-86BC5514B704}.Release|x86.ActiveCfg = Release|Any CPU
		{8CD28526-4E39-4C28-A6E2-86BC5514B704}.Release|x86.Build.0 = Release|Any CPU
		{CDFFE95E-1458-4A2D-BB56-C4FDD4D035BF}.Debug|Any CPU.ActiveCfg = Debug|Any CPU
		{CDFFE95E-1458-4A2D-BB56-C4FDD4D035BF}.Debug|Any CPU.Build.0 = Debug|Any CPU
		{CDFFE95E-1458-4A2D-BB56-C4FDD4D035BF}.Debug|x64.ActiveCfg = Debug|Any CPU
		{CDFFE95E-1458-4A2D-BB56-C4FDD4D035BF}.Debug|x64.Build.0 = Debug|Any CPU
		{CDFFE95E-1458-4A2D-BB56-C4FDD4D035BF}.Debug|x86.ActiveCfg = Debug|Any CPU
		{CDFFE95E-1458-4A2D-BB56-C4FDD4D035BF}.Debug|x86.Build.0 = Debug|Any CPU
		{CDFFE95E-1458-4A2D-BB56-C4FDD4D035BF}.Release|Any CPU.ActiveCfg = Release|Any CPU
		{CDFFE95E-1458-4A2D-BB56-C4FDD4D035BF}.Release|Any CPU.Build.0 = Release|Any CPU
		{CDFFE95E-1458-4A2D-BB56-C4FDD4D035BF}.Release|x64.ActiveCfg = Release|Any CPU
		{CDFFE95E-1458-4A2D-BB56-C4FDD4D035BF}.Release|x64.Build.0 = Release|Any CPU
		{CDFFE95E-1458-4A2D-BB56-C4FDD4D035BF}.Release|x86.ActiveCfg = Release|Any CPU
		{CDFFE95E-1458-4A2D-BB56-C4FDD4D035BF}.Release|x86.Build.0 = Release|Any CPU
		{C0A9C25C-0127-48E7-8DE4-AB9AD0117656}.Debug|Any CPU.ActiveCfg = Debug|Any CPU
		{C0A9C25C-0127-48E7-8DE4-AB9AD0117656}.Debug|Any CPU.Build.0 = Debug|Any CPU
		{C0A9C25C-0127-48E7-8DE4-AB9AD0117656}.Debug|x64.ActiveCfg = Debug|Any CPU
		{C0A9C25C-0127-48E7-8DE4-AB9AD0117656}.Debug|x64.Build.0 = Debug|Any CPU
		{C0A9C25C-0127-48E7-8DE4-AB9AD0117656}.Debug|x86.ActiveCfg = Debug|Any CPU
		{C0A9C25C-0127-48E7-8DE4-AB9AD0117656}.Debug|x86.Build.0 = Debug|Any CPU
		{C0A9C25C-0127-48E7-8DE4-AB9AD0117656}.Release|Any CPU.ActiveCfg = Release|Any CPU
		{C0A9C25C-0127-48E7-8DE4-AB9AD0117656}.Release|Any CPU.Build.0 = Release|Any CPU
		{C0A9C25C-0127-48E7-8DE4-AB9AD0117656}.Release|x64.ActiveCfg = Release|Any CPU
		{C0A9C25C-0127-48E7-8DE4-AB9AD0117656}.Release|x64.Build.0 = Release|Any CPU
		{C0A9C25C-0127-48E7-8DE4-AB9AD0117656}.Release|x86.ActiveCfg = Release|Any CPU
		{C0A9C25C-0127-48E7-8DE4-AB9AD0117656}.Release|x86.Build.0 = Release|Any CPU
		{7359E1B9-ACC9-4E66-B65B-FE74E947024A}.Debug|Any CPU.ActiveCfg = Debug|Any CPU
		{7359E1B9-ACC9-4E66-B65B-FE74E947024A}.Debug|Any CPU.Build.0 = Debug|Any CPU
		{7359E1B9-ACC9-4E66-B65B-FE74E947024A}.Debug|x64.ActiveCfg = Debug|Any CPU
		{7359E1B9-ACC9-4E66-B65B-FE74E947024A}.Debug|x64.Build.0 = Debug|Any CPU
		{7359E1B9-ACC9-4E66-B65B-FE74E947024A}.Debug|x86.ActiveCfg = Debug|Any CPU
		{7359E1B9-ACC9-4E66-B65B-FE74E947024A}.Debug|x86.Build.0 = Debug|Any CPU
		{7359E1B9-ACC9-4E66-B65B-FE74E947024A}.Release|Any CPU.ActiveCfg = Release|Any CPU
		{7359E1B9-ACC9-4E66-B65B-FE74E947024A}.Release|Any CPU.Build.0 = Release|Any CPU
		{7359E1B9-ACC9-4E66-B65B-FE74E947024A}.Release|x64.ActiveCfg = Release|Any CPU
		{7359E1B9-ACC9-4E66-B65B-FE74E947024A}.Release|x64.Build.0 = Release|Any CPU
		{7359E1B9-ACC9-4E66-B65B-FE74E947024A}.Release|x86.ActiveCfg = Release|Any CPU
		{7359E1B9-ACC9-4E66-B65B-FE74E947024A}.Release|x86.Build.0 = Release|Any CPU
		{22CB1D05-20DC-4F1B-8018-3DF9CD5FBBB5}.Debug|Any CPU.ActiveCfg = Debug|Any CPU
		{22CB1D05-20DC-4F1B-8018-3DF9CD5FBBB5}.Debug|Any CPU.Build.0 = Debug|Any CPU
		{22CB1D05-20DC-4F1B-8018-3DF9CD5FBBB5}.Debug|x64.ActiveCfg = Debug|Any CPU
		{22CB1D05-20DC-4F1B-8018-3DF9CD5FBBB5}.Debug|x64.Build.0 = Debug|Any CPU
		{22CB1D05-20DC-4F1B-8018-3DF9CD5FBBB5}.Debug|x86.ActiveCfg = Debug|Any CPU
		{22CB1D05-20DC-4F1B-8018-3DF9CD5FBBB5}.Debug|x86.Build.0 = Debug|Any CPU
		{22CB1D05-20DC-4F1B-8018-3DF9CD5FBBB5}.Release|Any CPU.ActiveCfg = Release|Any CPU
		{22CB1D05-20DC-4F1B-8018-3DF9CD5FBBB5}.Release|Any CPU.Build.0 = Release|Any CPU
		{22CB1D05-20DC-4F1B-8018-3DF9CD5FBBB5}.Release|x64.ActiveCfg = Release|Any CPU
		{22CB1D05-20DC-4F1B-8018-3DF9CD5FBBB5}.Release|x64.Build.0 = Release|Any CPU
		{22CB1D05-20DC-4F1B-8018-3DF9CD5FBBB5}.Release|x86.ActiveCfg = Release|Any CPU
		{22CB1D05-20DC-4F1B-8018-3DF9CD5FBBB5}.Release|x86.Build.0 = Release|Any CPU
		{9007128E-41F7-4C69-87E8-15B0242288C5}.Debug|Any CPU.ActiveCfg = Debug|Any CPU
		{9007128E-41F7-4C69-87E8-15B0242288C5}.Debug|Any CPU.Build.0 = Debug|Any CPU
		{9007128E-41F7-4C69-87E8-15B0242288C5}.Debug|x64.ActiveCfg = Debug|Any CPU
		{9007128E-41F7-4C69-87E8-15B0242288C5}.Debug|x64.Build.0 = Debug|Any CPU
		{9007128E-41F7-4C69-87E8-15B0242288C5}.Debug|x86.ActiveCfg = Debug|Any CPU
		{9007128E-41F7-4C69-87E8-15B0242288C5}.Debug|x86.Build.0 = Debug|Any CPU
		{9007128E-41F7-4C69-87E8-15B0242288C5}.Release|Any CPU.ActiveCfg = Release|Any CPU
		{9007128E-41F7-4C69-87E8-15B0242288C5}.Release|Any CPU.Build.0 = Release|Any CPU
		{9007128E-41F7-4C69-87E8-15B0242288C5}.Release|x64.ActiveCfg = Release|Any CPU
		{9007128E-41F7-4C69-87E8-15B0242288C5}.Release|x64.Build.0 = Release|Any CPU
		{9007128E-41F7-4C69-87E8-15B0242288C5}.Release|x86.ActiveCfg = Release|Any CPU
		{9007128E-41F7-4C69-87E8-15B0242288C5}.Release|x86.Build.0 = Release|Any CPU
		{AD3657B8-4F6A-4607-A15B-845F928C8CE1}.Debug|Any CPU.ActiveCfg = Debug|Any CPU
		{AD3657B8-4F6A-4607-A15B-845F928C8CE1}.Debug|Any CPU.Build.0 = Debug|Any CPU
		{AD3657B8-4F6A-4607-A15B-845F928C8CE1}.Debug|x64.ActiveCfg = Debug|Any CPU
		{AD3657B8-4F6A-4607-A15B-845F928C8CE1}.Debug|x64.Build.0 = Debug|Any CPU
		{AD3657B8-4F6A-4607-A15B-845F928C8CE1}.Debug|x86.ActiveCfg = Debug|Any CPU
		{AD3657B8-4F6A-4607-A15B-845F928C8CE1}.Debug|x86.Build.0 = Debug|Any CPU
		{AD3657B8-4F6A-4607-A15B-845F928C8CE1}.Release|Any CPU.ActiveCfg = Release|Any CPU
		{AD3657B8-4F6A-4607-A15B-845F928C8CE1}.Release|Any CPU.Build.0 = Release|Any CPU
		{AD3657B8-4F6A-4607-A15B-845F928C8CE1}.Release|x64.ActiveCfg = Release|Any CPU
		{AD3657B8-4F6A-4607-A15B-845F928C8CE1}.Release|x64.Build.0 = Release|Any CPU
		{AD3657B8-4F6A-4607-A15B-845F928C8CE1}.Release|x86.ActiveCfg = Release|Any CPU
		{AD3657B8-4F6A-4607-A15B-845F928C8CE1}.Release|x86.Build.0 = Release|Any CPU
		{D4BCFA5F-FBFD-4835-B998-8038D88206BF}.Debug|Any CPU.ActiveCfg = Debug|Any CPU
		{D4BCFA5F-FBFD-4835-B998-8038D88206BF}.Debug|Any CPU.Build.0 = Debug|Any CPU
		{D4BCFA5F-FBFD-4835-B998-8038D88206BF}.Debug|x64.ActiveCfg = Debug|Any CPU
		{D4BCFA5F-FBFD-4835-B998-8038D88206BF}.Debug|x64.Build.0 = Debug|Any CPU
		{D4BCFA5F-FBFD-4835-B998-8038D88206BF}.Debug|x86.ActiveCfg = Debug|Any CPU
		{D4BCFA5F-FBFD-4835-B998-8038D88206BF}.Debug|x86.Build.0 = Debug|Any CPU
		{D4BCFA5F-FBFD-4835-B998-8038D88206BF}.Release|Any CPU.ActiveCfg = Release|Any CPU
		{D4BCFA5F-FBFD-4835-B998-8038D88206BF}.Release|Any CPU.Build.0 = Release|Any CPU
		{D4BCFA5F-FBFD-4835-B998-8038D88206BF}.Release|x64.ActiveCfg = Release|Any CPU
		{D4BCFA5F-FBFD-4835-B998-8038D88206BF}.Release|x64.Build.0 = Release|Any CPU
		{D4BCFA5F-FBFD-4835-B998-8038D88206BF}.Release|x86.ActiveCfg = Release|Any CPU
		{D4BCFA5F-FBFD-4835-B998-8038D88206BF}.Release|x86.Build.0 = Release|Any CPU
		{772742E2-D0A2-431D-A0BC-A33F6F01E39C}.Debug|Any CPU.ActiveCfg = Debug|Any CPU
		{772742E2-D0A2-431D-A0BC-A33F6F01E39C}.Debug|Any CPU.Build.0 = Debug|Any CPU
		{772742E2-D0A2-431D-A0BC-A33F6F01E39C}.Debug|x64.ActiveCfg = Debug|Any CPU
		{772742E2-D0A2-431D-A0BC-A33F6F01E39C}.Debug|x64.Build.0 = Debug|Any CPU
		{772742E2-D0A2-431D-A0BC-A33F6F01E39C}.Debug|x86.ActiveCfg = Debug|Any CPU
		{772742E2-D0A2-431D-A0BC-A33F6F01E39C}.Debug|x86.Build.0 = Debug|Any CPU
		{772742E2-D0A2-431D-A0BC-A33F6F01E39C}.Release|Any CPU.ActiveCfg = Release|Any CPU
		{772742E2-D0A2-431D-A0BC-A33F6F01E39C}.Release|Any CPU.Build.0 = Release|Any CPU
		{772742E2-D0A2-431D-A0BC-A33F6F01E39C}.Release|x64.ActiveCfg = Release|Any CPU
		{772742E2-D0A2-431D-A0BC-A33F6F01E39C}.Release|x64.Build.0 = Release|Any CPU
		{772742E2-D0A2-431D-A0BC-A33F6F01E39C}.Release|x86.ActiveCfg = Release|Any CPU
		{772742E2-D0A2-431D-A0BC-A33F6F01E39C}.Release|x86.Build.0 = Release|Any CPU
		{07AAFACC-5960-4B6C-9EC0-28370E284CC4}.Debug|Any CPU.ActiveCfg = Debug|Any CPU
		{07AAFACC-5960-4B6C-9EC0-28370E284CC4}.Debug|Any CPU.Build.0 = Debug|Any CPU
		{07AAFACC-5960-4B6C-9EC0-28370E284CC4}.Debug|x64.ActiveCfg = Debug|Any CPU
		{07AAFACC-5960-4B6C-9EC0-28370E284CC4}.Debug|x64.Build.0 = Debug|Any CPU
		{07AAFACC-5960-4B6C-9EC0-28370E284CC4}.Debug|x86.ActiveCfg = Debug|Any CPU
		{07AAFACC-5960-4B6C-9EC0-28370E284CC4}.Debug|x86.Build.0 = Debug|Any CPU
		{07AAFACC-5960-4B6C-9EC0-28370E284CC4}.Release|Any CPU.ActiveCfg = Release|Any CPU
		{07AAFACC-5960-4B6C-9EC0-28370E284CC4}.Release|Any CPU.Build.0 = Release|Any CPU
		{07AAFACC-5960-4B6C-9EC0-28370E284CC4}.Release|x64.ActiveCfg = Release|Any CPU
		{07AAFACC-5960-4B6C-9EC0-28370E284CC4}.Release|x64.Build.0 = Release|Any CPU
		{07AAFACC-5960-4B6C-9EC0-28370E284CC4}.Release|x86.ActiveCfg = Release|Any CPU
		{07AAFACC-5960-4B6C-9EC0-28370E284CC4}.Release|x86.Build.0 = Release|Any CPU
		{8744E8CD-732F-4286-9013-27EAC657D478}.Debug|Any CPU.ActiveCfg = Debug|Any CPU
		{8744E8CD-732F-4286-9013-27EAC657D478}.Debug|Any CPU.Build.0 = Debug|Any CPU
		{8744E8CD-732F-4286-9013-27EAC657D478}.Debug|x64.ActiveCfg = Debug|Any CPU
		{8744E8CD-732F-4286-9013-27EAC657D478}.Debug|x64.Build.0 = Debug|Any CPU
		{8744E8CD-732F-4286-9013-27EAC657D478}.Debug|x86.ActiveCfg = Debug|Any CPU
		{8744E8CD-732F-4286-9013-27EAC657D478}.Debug|x86.Build.0 = Debug|Any CPU
		{8744E8CD-732F-4286-9013-27EAC657D478}.Release|Any CPU.ActiveCfg = Release|Any CPU
		{8744E8CD-732F-4286-9013-27EAC657D478}.Release|Any CPU.Build.0 = Release|Any CPU
		{8744E8CD-732F-4286-9013-27EAC657D478}.Release|x64.ActiveCfg = Release|Any CPU
		{8744E8CD-732F-4286-9013-27EAC657D478}.Release|x64.Build.0 = Release|Any CPU
		{8744E8CD-732F-4286-9013-27EAC657D478}.Release|x86.ActiveCfg = Release|Any CPU
		{8744E8CD-732F-4286-9013-27EAC657D478}.Release|x86.Build.0 = Release|Any CPU
		{77C2E4C2-DFD0-4E3D-B059-6D44D507AEDB}.Debug|Any CPU.ActiveCfg = Debug|Any CPU
		{77C2E4C2-DFD0-4E3D-B059-6D44D507AEDB}.Debug|Any CPU.Build.0 = Debug|Any CPU
		{77C2E4C2-DFD0-4E3D-B059-6D44D507AEDB}.Debug|x64.ActiveCfg = Debug|Any CPU
		{77C2E4C2-DFD0-4E3D-B059-6D44D507AEDB}.Debug|x64.Build.0 = Debug|Any CPU
		{77C2E4C2-DFD0-4E3D-B059-6D44D507AEDB}.Debug|x86.ActiveCfg = Debug|Any CPU
		{77C2E4C2-DFD0-4E3D-B059-6D44D507AEDB}.Debug|x86.Build.0 = Debug|Any CPU
		{77C2E4C2-DFD0-4E3D-B059-6D44D507AEDB}.Release|Any CPU.ActiveCfg = Release|Any CPU
		{77C2E4C2-DFD0-4E3D-B059-6D44D507AEDB}.Release|Any CPU.Build.0 = Release|Any CPU
		{77C2E4C2-DFD0-4E3D-B059-6D44D507AEDB}.Release|x64.ActiveCfg = Release|Any CPU
		{77C2E4C2-DFD0-4E3D-B059-6D44D507AEDB}.Release|x64.Build.0 = Release|Any CPU
		{77C2E4C2-DFD0-4E3D-B059-6D44D507AEDB}.Release|x86.ActiveCfg = Release|Any CPU
		{77C2E4C2-DFD0-4E3D-B059-6D44D507AEDB}.Release|x86.Build.0 = Release|Any CPU
		{74108CD8-DF23-4423-873C-861C6D092B9B}.Debug|Any CPU.ActiveCfg = Debug|Any CPU
		{74108CD8-DF23-4423-873C-861C6D092B9B}.Debug|Any CPU.Build.0 = Debug|Any CPU
		{74108CD8-DF23-4423-873C-861C6D092B9B}.Debug|x64.ActiveCfg = Debug|Any CPU
		{74108CD8-DF23-4423-873C-861C6D092B9B}.Debug|x64.Build.0 = Debug|Any CPU
		{74108CD8-DF23-4423-873C-861C6D092B9B}.Debug|x86.ActiveCfg = Debug|Any CPU
		{74108CD8-DF23-4423-873C-861C6D092B9B}.Debug|x86.Build.0 = Debug|Any CPU
		{74108CD8-DF23-4423-873C-861C6D092B9B}.Release|Any CPU.ActiveCfg = Release|Any CPU
		{74108CD8-DF23-4423-873C-861C6D092B9B}.Release|Any CPU.Build.0 = Release|Any CPU
		{74108CD8-DF23-4423-873C-861C6D092B9B}.Release|x64.ActiveCfg = Release|Any CPU
		{74108CD8-DF23-4423-873C-861C6D092B9B}.Release|x64.Build.0 = Release|Any CPU
		{74108CD8-DF23-4423-873C-861C6D092B9B}.Release|x86.ActiveCfg = Release|Any CPU
		{74108CD8-DF23-4423-873C-861C6D092B9B}.Release|x86.Build.0 = Release|Any CPU
		{B0FD3BA9-41BF-4F19-9CA4-670C6915444A}.Debug|Any CPU.ActiveCfg = Debug|Any CPU
		{B0FD3BA9-41BF-4F19-9CA4-670C6915444A}.Debug|Any CPU.Build.0 = Debug|Any CPU
		{B0FD3BA9-41BF-4F19-9CA4-670C6915444A}.Debug|x64.ActiveCfg = Debug|Any CPU
		{B0FD3BA9-41BF-4F19-9CA4-670C6915444A}.Debug|x64.Build.0 = Debug|Any CPU
		{B0FD3BA9-41BF-4F19-9CA4-670C6915444A}.Debug|x86.ActiveCfg = Debug|Any CPU
		{B0FD3BA9-41BF-4F19-9CA4-670C6915444A}.Debug|x86.Build.0 = Debug|Any CPU
		{B0FD3BA9-41BF-4F19-9CA4-670C6915444A}.Release|Any CPU.ActiveCfg = Release|Any CPU
		{B0FD3BA9-41BF-4F19-9CA4-670C6915444A}.Release|Any CPU.Build.0 = Release|Any CPU
		{B0FD3BA9-41BF-4F19-9CA4-670C6915444A}.Release|x64.ActiveCfg = Release|Any CPU
		{B0FD3BA9-41BF-4F19-9CA4-670C6915444A}.Release|x64.Build.0 = Release|Any CPU
		{B0FD3BA9-41BF-4F19-9CA4-670C6915444A}.Release|x86.ActiveCfg = Release|Any CPU
		{B0FD3BA9-41BF-4F19-9CA4-670C6915444A}.Release|x86.Build.0 = Release|Any CPU
		{B864CD0E-0A6B-4DE3-A710-0766E63AE1F5}.Debug|Any CPU.ActiveCfg = Debug|Any CPU
		{B864CD0E-0A6B-4DE3-A710-0766E63AE1F5}.Debug|Any CPU.Build.0 = Debug|Any CPU
		{B864CD0E-0A6B-4DE3-A710-0766E63AE1F5}.Debug|x64.ActiveCfg = Debug|Any CPU
		{B864CD0E-0A6B-4DE3-A710-0766E63AE1F5}.Debug|x64.Build.0 = Debug|Any CPU
		{B864CD0E-0A6B-4DE3-A710-0766E63AE1F5}.Debug|x86.ActiveCfg = Debug|Any CPU
		{B864CD0E-0A6B-4DE3-A710-0766E63AE1F5}.Debug|x86.Build.0 = Debug|Any CPU
		{B864CD0E-0A6B-4DE3-A710-0766E63AE1F5}.Release|Any CPU.ActiveCfg = Release|Any CPU
		{B864CD0E-0A6B-4DE3-A710-0766E63AE1F5}.Release|Any CPU.Build.0 = Release|Any CPU
		{B864CD0E-0A6B-4DE3-A710-0766E63AE1F5}.Release|x64.ActiveCfg = Release|Any CPU
		{B864CD0E-0A6B-4DE3-A710-0766E63AE1F5}.Release|x64.Build.0 = Release|Any CPU
		{B864CD0E-0A6B-4DE3-A710-0766E63AE1F5}.Release|x86.ActiveCfg = Release|Any CPU
		{B864CD0E-0A6B-4DE3-A710-0766E63AE1F5}.Release|x86.Build.0 = Release|Any CPU
		{88285C70-FF17-4676-95C3-3E38E34D15EE}.Debug|Any CPU.ActiveCfg = Debug|Any CPU
		{88285C70-FF17-4676-95C3-3E38E34D15EE}.Debug|Any CPU.Build.0 = Debug|Any CPU
		{88285C70-FF17-4676-95C3-3E38E34D15EE}.Debug|x64.ActiveCfg = Debug|Any CPU
		{88285C70-FF17-4676-95C3-3E38E34D15EE}.Debug|x64.Build.0 = Debug|Any CPU
		{88285C70-FF17-4676-95C3-3E38E34D15EE}.Debug|x86.ActiveCfg = Debug|Any CPU
		{88285C70-FF17-4676-95C3-3E38E34D15EE}.Debug|x86.Build.0 = Debug|Any CPU
		{88285C70-FF17-4676-95C3-3E38E34D15EE}.Release|Any CPU.ActiveCfg = Release|Any CPU
		{88285C70-FF17-4676-95C3-3E38E34D15EE}.Release|Any CPU.Build.0 = Release|Any CPU
		{88285C70-FF17-4676-95C3-3E38E34D15EE}.Release|x64.ActiveCfg = Release|Any CPU
		{88285C70-FF17-4676-95C3-3E38E34D15EE}.Release|x64.Build.0 = Release|Any CPU
		{88285C70-FF17-4676-95C3-3E38E34D15EE}.Release|x86.ActiveCfg = Release|Any CPU
		{88285C70-FF17-4676-95C3-3E38E34D15EE}.Release|x86.Build.0 = Release|Any CPU
		{16D349EE-D118-482A-BAF8-675DE0618E55}.Debug|Any CPU.ActiveCfg = Debug|Any CPU
		{16D349EE-D118-482A-BAF8-675DE0618E55}.Debug|Any CPU.Build.0 = Debug|Any CPU
		{16D349EE-D118-482A-BAF8-675DE0618E55}.Debug|x64.ActiveCfg = Debug|Any CPU
		{16D349EE-D118-482A-BAF8-675DE0618E55}.Debug|x64.Build.0 = Debug|Any CPU
		{16D349EE-D118-482A-BAF8-675DE0618E55}.Debug|x86.ActiveCfg = Debug|Any CPU
		{16D349EE-D118-482A-BAF8-675DE0618E55}.Debug|x86.Build.0 = Debug|Any CPU
		{16D349EE-D118-482A-BAF8-675DE0618E55}.Release|Any CPU.ActiveCfg = Release|Any CPU
		{16D349EE-D118-482A-BAF8-675DE0618E55}.Release|Any CPU.Build.0 = Release|Any CPU
		{16D349EE-D118-482A-BAF8-675DE0618E55}.Release|x64.ActiveCfg = Release|Any CPU
		{16D349EE-D118-482A-BAF8-675DE0618E55}.Release|x64.Build.0 = Release|Any CPU
		{16D349EE-D118-482A-BAF8-675DE0618E55}.Release|x86.ActiveCfg = Release|Any CPU
		{16D349EE-D118-482A-BAF8-675DE0618E55}.Release|x86.Build.0 = Release|Any CPU
		{BCF71AFD-57FA-4E2F-8B87-57964B02E9DA}.Debug|Any CPU.ActiveCfg = Debug|Any CPU
		{BCF71AFD-57FA-4E2F-8B87-57964B02E9DA}.Debug|Any CPU.Build.0 = Debug|Any CPU
		{BCF71AFD-57FA-4E2F-8B87-57964B02E9DA}.Debug|x64.ActiveCfg = Debug|Any CPU
		{BCF71AFD-57FA-4E2F-8B87-57964B02E9DA}.Debug|x64.Build.0 = Debug|Any CPU
		{BCF71AFD-57FA-4E2F-8B87-57964B02E9DA}.Debug|x86.ActiveCfg = Debug|Any CPU
		{BCF71AFD-57FA-4E2F-8B87-57964B02E9DA}.Debug|x86.Build.0 = Debug|Any CPU
		{BCF71AFD-57FA-4E2F-8B87-57964B02E9DA}.Release|Any CPU.ActiveCfg = Release|Any CPU
		{BCF71AFD-57FA-4E2F-8B87-57964B02E9DA}.Release|Any CPU.Build.0 = Release|Any CPU
		{BCF71AFD-57FA-4E2F-8B87-57964B02E9DA}.Release|x64.ActiveCfg = Release|Any CPU
		{BCF71AFD-57FA-4E2F-8B87-57964B02E9DA}.Release|x64.Build.0 = Release|Any CPU
		{BCF71AFD-57FA-4E2F-8B87-57964B02E9DA}.Release|x86.ActiveCfg = Release|Any CPU
		{BCF71AFD-57FA-4E2F-8B87-57964B02E9DA}.Release|x86.Build.0 = Release|Any CPU
	EndGlobalSection
	GlobalSection(SolutionProperties) = preSolution
		HideSolutionNode = FALSE
	EndGlobalSection
	GlobalSection(NestedProjects) = preSolution
		{FFF3B078-762F-46E2-B500-96DC4A1EB650} = {E5E3DED4-833C-8448-2882-5E2DD65C4ABF}
		{9D02AA97-F6D6-4BA8-9D20-01854245E921} = {2FA89949-C014-61E3-9766-4043502A0423}
		{3E81B9E5-CB39-4FFD-B14E-B564AB3E6CDD} = {AA81E3CF-C1BB-70B4-13CB-5131BB298347}
		{3BC5EBCA-CA50-E3BA-9DD9-B83B8D15BB85} = {1D1F8310-286F-5133-EE11-D40AA773214F}
		{0F27C6B0-C656-4408-96D4-98F9258DA0C8} = {3BC5EBCA-CA50-E3BA-9DD9-B83B8D15BB85}
		{BB3735E8-276F-4427-B02A-4A15F38CF4E9} = {3BC5EBCA-CA50-E3BA-9DD9-B83B8D15BB85}
		{AC1E3607-34A2-B747-DEB3-B18C207E6F00} = {1D1F8310-286F-5133-EE11-D40AA773214F}
		{8CD28526-4E39-4C28-A6E2-86BC5514B704} = {AC1E3607-34A2-B747-DEB3-B18C207E6F00}
		{CDFFE95E-1458-4A2D-BB56-C4FDD4D035BF} = {AC1E3607-34A2-B747-DEB3-B18C207E6F00}
		{C0A9C25C-0127-48E7-8DE4-AB9AD0117656} = {AC1E3607-34A2-B747-DEB3-B18C207E6F00}
		{B78B22B8-D43A-1572-D1B1-CB778D542F54} = {1D1F8310-286F-5133-EE11-D40AA773214F}
		{7359E1B9-ACC9-4E66-B65B-FE74E947024A} = {B78B22B8-D43A-1572-D1B1-CB778D542F54}
		{6C5B4879-48AF-4744-6B93-2BAD7782E235} = {1D1F8310-286F-5133-EE11-D40AA773214F}
		{22CB1D05-20DC-4F1B-8018-3DF9CD5FBBB5} = {6C5B4879-48AF-4744-6B93-2BAD7782E235}
		{06B82AE4-9ECD-8B96-DD70-2827125F0481} = {1D1F8310-286F-5133-EE11-D40AA773214F}
		{9007128E-41F7-4C69-87E8-15B0242288C5} = {06B82AE4-9ECD-8B96-DD70-2827125F0481}
		{50A82B4F-5B48-79DE-7932-5E08ECCE03EA} = {99FC21D6-5D61-7766-00CB-6816B334A6FA}
		{AD3657B8-4F6A-4607-A15B-845F928C8CE1} = {50A82B4F-5B48-79DE-7932-5E08ECCE03EA}
		{D4BCFA5F-FBFD-4835-B998-8038D88206BF} = {50A82B4F-5B48-79DE-7932-5E08ECCE03EA}
		{7340D804-2E90-9C4B-06D7-D2131A3254A7} = {99FC21D6-5D61-7766-00CB-6816B334A6FA}
		{772742E2-D0A2-431D-A0BC-A33F6F01E39C} = {7340D804-2E90-9C4B-06D7-D2131A3254A7}
		{07AAFACC-5960-4B6C-9EC0-28370E284CC4} = {7340D804-2E90-9C4B-06D7-D2131A3254A7}
		{8744E8CD-732F-4286-9013-27EAC657D478} = {7340D804-2E90-9C4B-06D7-D2131A3254A7}
		{59D848E8-AF26-89D5-DBBD-6F2C94AEBAF8} = {99FC21D6-5D61-7766-00CB-6816B334A6FA}
		{77C2E4C2-DFD0-4E3D-B059-6D44D507AEDB} = {59D848E8-AF26-89D5-DBBD-6F2C94AEBAF8}
		{B5E62E2A-1904-3F59-F321-F591FFAEBDFD} = {99FC21D6-5D61-7766-00CB-6816B334A6FA}
		{74108CD8-DF23-4423-873C-861C6D092B9B} = {B5E62E2A-1904-3F59-F321-F591FFAEBDFD}
		{F6777E5F-40AC-C63A-020C-F9F0C7E485D0} = {99FC21D6-5D61-7766-00CB-6816B334A6FA}
		{B0FD3BA9-41BF-4F19-9CA4-670C6915444A} = {F6777E5F-40AC-C63A-020C-F9F0C7E485D0}
		{D5DC5947-936C-39F1-1D8A-814EE3AB1727} = {0AB3BF05-4346-4AA6-1389-037BE0695223}
		{B864CD0E-0A6B-4DE3-A710-0766E63AE1F5} = {D5DC5947-936C-39F1-1D8A-814EE3AB1727}
		{88285C70-FF17-4676-95C3-3E38E34D15EE} = {D5DC5947-936C-39F1-1D8A-814EE3AB1727}
		{00391815-9156-2E70-0766-93DA9EB147E5} = {0AB3BF05-4346-4AA6-1389-037BE0695223}
		{16D349EE-D118-482A-BAF8-675DE0618E55} = {00391815-9156-2E70-0766-93DA9EB147E5}
		{BCF71AFD-57FA-4E2F-8B87-57964B02E9DA} = {00391815-9156-2E70-0766-93DA9EB147E5}
	EndGlobalSection
EndGlobal
