
Microsoft Visual Studio Solution File, Format Version 12.00
# Visual Studio Version 17
VisualStudioVersion = 17.0.31903.59
MinimumVisualStudioVersion = 10.0.40219.1
Project("{2150E333-8FDC-42A3-9474-1A3956D46DE8}") = "source", "source", "{B8EFCA5F-814F-285C-A8CB-F00F14650265}"
EndProject
Project("{2150E333-8FDC-42A3-9474-1A3956D46DE8}") = "SharedKernel", "SharedKernel", "{A1251546-8357-94C6-5DF0-012E3D0ABB79}"
EndProject
Project("{FAE04EC0-301F-11D3-BF4B-00C04F79EFBC}") = "SGA.SharedKernel", "source\SharedKernel\SGA.SharedKernel\SGA.SharedKernel.csproj", "{F9936475-1FF9-4E5F-A10D-A70402E93588}"
EndProject
Project("{FAE04EC0-301F-11D3-BF4B-00C04F79EFBC}") = "SGA.Identity", "source\Identity\SGA.Identity\SGA.Identity.csproj", "{B87B177C-ED96-4ED4-91F5-572C17534E7C}"
EndProject
Project("{FAE04EC0-301F-11D3-BF4B-00C04F79EFBC}") = "SGA.Shared.Messaging", "source\Messaging\SGA.Shared.Messaging\SGA.Shared.Messaging.csproj", "{079B445D-A990-464F-A4E8-7E1EE90BD838}"
EndProject
Project("{FAE04EC0-301F-11D3-BF4B-00C04F79EFBC}") = "SGA.Web.Domain", "source\app-web\Core\SGA.Web.Domain\SGA.Web.Domain.csproj", "{E54BA512-FD69-4458-A4EA-B7F1B18F9D9E}"
EndProject
Project("{FAE04EC0-301F-11D3-BF4B-00C04F79EFBC}") = "SGA.Web.Application", "source\app-web\Core\SGA.Web.Application\SGA.Web.Application.csproj", "{646CF2CC-0D9B-421F-A61F-0D259652C49A}"
EndProject
Project("{FAE04EC0-301F-11D3-BF4B-00C04F79EFBC}") = "SGA.Web.Infrastructure.Config", "source\app-web\Infrastructure\SGA.Web.Infrastructure.Config\SGA.Web.Infrastructure.Config.csproj", "{03878EE3-C00C-49B7-84A0-CDBA8D7455E6}"
EndProject
Project("{FAE04EC0-301F-11D3-BF4B-00C04F79EFBC}") = "SGA.Web.Infrastructure.Persistence", "source\app-web\Infrastructure\SGA.Web.Infrastructure.Persistence\SGA.Web.Infrastructure.Persistence.csproj", "{A02EA40C-BB02-4664-845B-993BD1D89942}"
EndProject
Project("{FAE04EC0-301F-11D3-BF4B-00C04F79EFBC}") = "SGA.Web.Infrastructure.Shared", "source\app-web\Infrastructure\SGA.Web.Infrastructure.Shared\SGA.Web.Infrastructure.Shared.csproj", "{0FEC1862-AD85-4611-848F-FEA9E68A77DF}"
EndProject
Project("{FAE04EC0-301F-11D3-BF4B-00C04F79EFBC}") = "SGA.Web.IoC", "source\app-web\IOC\SGA.Web.IoC\SGA.Web.IoC.csproj", "{6AE5EBA0-A9FB-4FBF-BF9D-9AF2305ECE55}"
EndProject
Project("{FAE04EC0-301F-11D3-BF4B-00C04F79EFBC}") = "SGA.Web.Api", "source\app-web\Api\SGA.Web.Api\SGA.Web.Api.csproj", "{21B5E409-F33A-4061-B418-D448A7F38E1C}"
EndProject
Project("{FAE04EC0-301F-11D3-BF4B-00C04F79EFBC}") = "SGA.Web.Mvc", "source\app-web\Presentation\SGA.Web.Mvc\SGA.Web.Mvc.csproj", "{0A452921-D7F1-49C6-9516-D0DBF3388D4D}"
EndProject
Project("{FAE04EC0-301F-11D3-BF4B-00C04F79EFBC}") = "SGA.Web.Application.UnitTests", "tests\app-web\SGA.Web.Application.UnitTests\SGA.Web.Application.UnitTests.csproj", "{2FF2C35E-BF10-4A82-8700-3F04234504CE}"
EndProject
Project("{FAE04EC0-301F-11D3-BF4B-00C04F79EFBC}") = "SGA.Web.Integration.Tests", "tests\app-web\SGA.Web.Integration.Tests\SGA.Web.Integration.Tests.csproj", "{F6B394A5-E487-4D84-9F6B-4B3E45FFF7D6}"
EndProject
Project("{2150E333-8FDC-42A3-9474-1A3956D46DE8}") = "app-desktop", "app-desktop", "{6577ED69-12F7-6355-A3C8-378106AB96C4}"
EndProject
Project("{2150E333-8FDC-42A3-9474-1A3956D46DE8}") = "Core", "Core", "{5EE77F12-8345-053A-19C7-03960C23273E}"
EndProject
Project("{FAE04EC0-301F-11D3-BF4B-00C04F79EFBC}") = "SGA.Desktop.Domain", "source\app-desktop\Core\SGA.Desktop.Domain\SGA.Desktop.Domain.csproj", "{A91BC996-BE05-445A-98AD-DC9E5642E2C9}"
EndProject
Project("{FAE04EC0-301F-11D3-BF4B-00C04F79EFBC}") = "SGA.Desktop.Application", "source\app-desktop\Core\SGA.Desktop.Application\SGA.Desktop.Application.csproj", "{8A4C557D-11CC-49CB-B324-B124E9C3FBB6}"
EndProject
Project("{FAE04EC0-301F-11D3-BF4B-00C04F79EFBC}") = "SGA.Desktop.Infrastructure.Config", "source\app-desktop\Infrastructure\SGA.Desktop.Infrastructure.Config\SGA.Desktop.Infrastructure.Config.csproj", "{C7930C7C-8E44-4065-A460-DA4C84B902FB}"
EndProject
Project("{FAE04EC0-301F-11D3-BF4B-00C04F79EFBC}") = "SGA.Desktop.Infrastructure.Persistence", "source\app-desktop\Infrastructure\SGA.Desktop.Infrastructure.Persistence\SGA.Desktop.Infrastructure.Persistence.csproj", "{C459DE79-6BAD-4CDD-96B3-DE506A75CA98}"
EndProject
Project("{FAE04EC0-301F-11D3-BF4B-00C04F79EFBC}") = "SGA.Desktop.Infrastructure.Shared", "source\app-desktop\Infrastructure\SGA.Desktop.Infrastructure.Shared\SGA.Desktop.Infrastructure.Shared.csproj", "{92DEE3D3-78F9-42E3-AC62-B8DA5226CE7C}"
EndProject
Project("{FAE04EC0-301F-11D3-BF4B-00C04F79EFBC}") = "SGA.Desktop.IoC", "source\app-desktop\IOC\SGA.Desktop.IoC\SGA.Desktop.IoC.csproj", "{76220A74-1389-48E2-8588-03B7E1FC9E61}"
EndProject
Project("{FAE04EC0-301F-11D3-BF4B-00C04F79EFBC}") = "SGA.Desktop.Api", "source\app-desktop\Api\SGA.Desktop.Api\SGA.Desktop.Api.csproj", "{AF425A81-5A04-46AF-A93A-2D3226510FC7}"
EndProject
Project("{FAE04EC0-301F-11D3-BF4B-00C04F79EFBC}") = "SGA.Desktop.Wpf", "source\app-desktop\Presentation\SGA.Desktop.Wpf\SGA.Desktop.Wpf.csproj", "{A1C62208-6E09-479F-BA1E-C7C874327D06}"
EndProject
Project("{FAE04EC0-301F-11D3-BF4B-00C04F79EFBC}") = "SGA.Desktop.Application.UnitTests", "tests\app-desktop\SGA.Desktop.Application.UnitTests\SGA.Desktop.Application.UnitTests.csproj", "{BCEC04F6-4A36-47AD-9F36-5E865B123768}"
EndProject
Project("{FAE04EC0-301F-11D3-BF4B-00C04F79EFBC}") = "SGA.Desktop.Integration.Tests", "tests\app-desktop\SGA.Desktop.Integration.Tests\SGA.Desktop.Integration.Tests.csproj", "{F2DE26E9-4787-44A7-BDE6-821A01C8BD26}"
EndProject
Global
	GlobalSection(SolutionConfigurationPlatforms) = preSolution
		Debug|Any CPU = Debug|Any CPU
		Debug|x64 = Debug|x64
		Debug|x86 = Debug|x86
		Release|Any CPU = Release|Any CPU
		Release|x64 = Release|x64
		Release|x86 = Release|x86
	EndGlobalSection
	GlobalSection(ProjectConfigurationPlatforms) = postSolution
		{F9936475-1FF9-4E5F-A10D-A70402E93588}.Debug|Any CPU.ActiveCfg = Debug|Any CPU
		{F9936475-1FF9-4E5F-A10D-A70402E93588}.Debug|Any CPU.Build.0 = Debug|Any CPU
		{F9936475-1FF9-4E5F-A10D-A70402E93588}.Debug|x64.ActiveCfg = Debug|Any CPU
		{F9936475-1FF9-4E5F-A10D-A70402E93588}.Debug|x64.Build.0 = Debug|Any CPU
		{F9936475-1FF9-4E5F-A10D-A70402E93588}.Debug|x86.ActiveCfg = Debug|Any CPU
		{F9936475-1FF9-4E5F-A10D-A70402E93588}.Debug|x86.Build.0 = Debug|Any CPU
		{F9936475-1FF9-4E5F-A10D-A70402E93588}.Release|Any CPU.ActiveCfg = Release|Any CPU
		{F9936475-1FF9-4E5F-A10D-A70402E93588}.Release|Any CPU.Build.0 = Release|Any CPU
		{F9936475-1FF9-4E5F-A10D-A70402E93588}.Release|x64.ActiveCfg = Release|Any CPU
		{F9936475-1FF9-4E5F-A10D-A70402E93588}.Release|x64.Build.0 = Release|Any CPU
		{F9936475-1FF9-4E5F-A10D-A70402E93588}.Release|x86.ActiveCfg = Release|Any CPU
		{F9936475-1FF9-4E5F-A10D-A70402E93588}.Release|x86.Build.0 = Release|Any CPU
		{B87B177C-ED96-4ED4-91F5-572C17534E7C}.Debug|Any CPU.ActiveCfg = Debug|Any CPU
		{B87B177C-ED96-4ED4-91F5-572C17534E7C}.Debug|Any CPU.Build.0 = Debug|Any CPU
		{B87B177C-ED96-4ED4-91F5-572C17534E7C}.Debug|x64.ActiveCfg = Debug|Any CPU
		{B87B177C-ED96-4ED4-91F5-572C17534E7C}.Debug|x64.Build.0 = Debug|Any CPU
		{B87B177C-ED96-4ED4-91F5-572C17534E7C}.Debug|x86.ActiveCfg = Debug|Any CPU
		{B87B177C-ED96-4ED4-91F5-572C17534E7C}.Debug|x86.Build.0 = Debug|Any CPU
		{B87B177C-ED96-4ED4-91F5-572C17534E7C}.Release|Any CPU.ActiveCfg = Release|Any CPU
		{B87B177C-ED96-4ED4-91F5-572C17534E7C}.Release|Any CPU.Build.0 = Release|Any CPU
		{B87B177C-ED96-4ED4-91F5-572C17534E7C}.Release|x64.ActiveCfg = Release|Any CPU
		{B87B177C-ED96-4ED4-91F5-572C17534E7C}.Release|x64.Build.0 = Release|Any CPU
		{B87B177C-ED96-4ED4-91F5-572C17534E7C}.Release|x86.ActiveCfg = Release|Any CPU
		{B87B177C-ED96-4ED4-91F5-572C17534E7C}.Release|x86.Build.0 = Release|Any CPU
		{079B445D-A990-464F-A4E8-7E1EE90BD838}.Debug|Any CPU.ActiveCfg = Debug|Any CPU
		{079B445D-A990-464F-A4E8-7E1EE90BD838}.Debug|Any CPU.Build.0 = Debug|Any CPU
		{079B445D-A990-464F-A4E8-7E1EE90BD838}.Debug|x64.ActiveCfg = Debug|Any CPU
		{079B445D-A990-464F-A4E8-7E1EE90BD838}.Debug|x64.Build.0 = Debug|Any CPU
		{079B445D-A990-464F-A4E8-7E1EE90BD838}.Debug|x86.ActiveCfg = Debug|Any CPU
		{079B445D-A990-464F-A4E8-7E1EE90BD838}.Debug|x86.Build.0 = Debug|Any CPU
		{079B445D-A990-464F-A4E8-7E1EE90BD838}.Release|Any CPU.ActiveCfg = Release|Any CPU
		{079B445D-A990-464F-A4E8-7E1EE90BD838}.Release|Any CPU.Build.0 = Release|Any CPU
		{079B445D-A990-464F-A4E8-7E1EE90BD838}.Release|x64.ActiveCfg = Release|Any CPU
		{079B445D-A990-464F-A4E8-7E1EE90BD838}.Release|x64.Build.0 = Release|Any CPU
		{079B445D-A990-464F-A4E8-7E1EE90BD838}.Release|x86.ActiveCfg = Release|Any CPU
		{079B445D-A990-464F-A4E8-7E1EE90BD838}.Release|x86.Build.0 = Release|Any CPU
		{E54BA512-FD69-4458-A4EA-B7F1B18F9D9E}.Debug|Any CPU.ActiveCfg = Debug|Any CPU
		{E54BA512-FD69-4458-A4EA-B7F1B18F9D9E}.Debug|Any CPU.Build.0 = Debug|Any CPU
		{E54BA512-FD69-4458-A4EA-B7F1B18F9D9E}.Debug|x64.ActiveCfg = Debug|Any CPU
		{E54BA512-FD69-4458-A4EA-B7F1B18F9D9E}.Debug|x64.Build.0 = Debug|Any CPU
		{E54BA512-FD69-4458-A4EA-B7F1B18F9D9E}.Debug|x86.ActiveCfg = Debug|Any CPU
		{E54BA512-FD69-4458-A4EA-B7F1B18F9D9E}.Debug|x86.Build.0 = Debug|Any CPU
		{E54BA512-FD69-4458-A4EA-B7F1B18F9D9E}.Release|Any CPU.ActiveCfg = Release|Any CPU
		{E54BA512-FD69-4458-A4EA-B7F1B18F9D9E}.Release|Any CPU.Build.0 = Release|Any CPU
		{E54BA512-FD69-4458-A4EA-B7F1B18F9D9E}.Release|x64.ActiveCfg = Release|Any CPU
		{E54BA512-FD69-4458-A4EA-B7F1B18F9D9E}.Release|x64.Build.0 = Release|Any CPU
		{E54BA512-FD69-4458-A4EA-B7F1B18F9D9E}.Release|x86.ActiveCfg = Release|Any CPU
		{E54BA512-FD69-4458-A4EA-B7F1B18F9D9E}.Release|x86.Build.0 = Release|Any CPU
		{646CF2CC-0D9B-421F-A61F-0D259652C49A}.Debug|Any CPU.ActiveCfg = Debug|Any CPU
		{646CF2CC-0D9B-421F-A61F-0D259652C49A}.Debug|Any CPU.Build.0 = Debug|Any CPU
		{646CF2CC-0D9B-421F-A61F-0D259652C49A}.Debug|x64.ActiveCfg = Debug|Any CPU
		{646CF2CC-0D9B-421F-A61F-0D259652C49A}.Debug|x64.Build.0 = Debug|Any CPU
		{646CF2CC-0D9B-421F-A61F-0D259652C49A}.Debug|x86.ActiveCfg = Debug|Any CPU
		{646CF2CC-0D9B-421F-A61F-0D259652C49A}.Debug|x86.Build.0 = Debug|Any CPU
		{646CF2CC-0D9B-421F-A61F-0D259652C49A}.Release|Any CPU.ActiveCfg = Release|Any CPU
		{646CF2CC-0D9B-421F-A61F-0D259652C49A}.Release|Any CPU.Build.0 = Release|Any CPU
		{646CF2CC-0D9B-421F-A61F-0D259652C49A}.Release|x64.ActiveCfg = Release|Any CPU
		{646CF2CC-0D9B-421F-A61F-0D259652C49A}.Release|x64.Build.0 = Release|Any CPU
		{646CF2CC-0D9B-421F-A61F-0D259652C49A}.Release|x86.ActiveCfg = Release|Any CPU
		{646CF2CC-0D9B-421F-A61F-0D259652C49A}.Release|x86.Build.0 = Release|Any CPU
		{03878EE3-C00C-49B7-84A0-CDBA8D7455E6}.Debug|Any CPU.ActiveCfg = Debug|Any CPU
		{03878EE3-C00C-49B7-84A0-CDBA8D7455E6}.Debug|Any CPU.Build.0 = Debug|Any CPU
		{03878EE3-C00C-49B7-84A0-CDBA8D7455E6}.Debug|x64.ActiveCfg = Debug|Any CPU
		{03878EE3-C00C-49B7-84A0-CDBA8D7455E6}.Debug|x64.Build.0 = Debug|Any CPU
		{03878EE3-C00C-49B7-84A0-CDBA8D7455E6}.Debug|x86.ActiveCfg = Debug|Any CPU
		{03878EE3-C00C-49B7-84A0-CDBA8D7455E6}.Debug|x86.Build.0 = Debug|Any CPU
		{03878EE3-C00C-49B7-84A0-CDBA8D7455E6}.Release|Any CPU.ActiveCfg = Release|Any CPU
		{03878EE3-C00C-49B7-84A0-CDBA8D7455E6}.Release|Any CPU.Build.0 = Release|Any CPU
		{03878EE3-C00C-49B7-84A0-CDBA8D7455E6}.Release|x64.ActiveCfg = Release|Any CPU
		{03878EE3-C00C-49B7-84A0-CDBA8D7455E6}.Release|x64.Build.0 = Release|Any CPU
		{03878EE3-C00C-49B7-84A0-CDBA8D7455E6}.Release|x86.ActiveCfg = Release|Any CPU
		{03878EE3-C00C-49B7-84A0-CDBA8D7455E6}.Release|x86.Build.0 = Release|Any CPU
		{A02EA40C-BB02-4664-845B-993BD1D89942}.Debug|Any CPU.ActiveCfg = Debug|Any CPU
		{A02EA40C-BB02-4664-845B-993BD1D89942}.Debug|Any CPU.Build.0 = Debug|Any CPU
		{A02EA40C-BB02-4664-845B-993BD1D89942}.Debug|x64.ActiveCfg = Debug|Any CPU
		{A02EA40C-BB02-4664-845B-993BD1D89942}.Debug|x64.Build.0 = Debug|Any CPU
		{A02EA40C-BB02-4664-845B-993BD1D89942}.Debug|x86.ActiveCfg = Debug|Any CPU
		{A02EA40C-BB02-4664-845B-993BD1D89942}.Debug|x86.Build.0 = Debug|Any CPU
		{A02EA40C-BB02-4664-845B-993BD1D89942}.Release|Any CPU.ActiveCfg = Release|Any CPU
		{A02EA40C-BB02-4664-845B-993BD1D89942}.Release|Any CPU.Build.0 = Release|Any CPU
		{A02EA40C-BB02-4664-845B-993BD1D89942}.Release|x64.ActiveCfg = Release|Any CPU
		{A02EA40C-BB02-4664-845B-993BD1D89942}.Release|x64.Build.0 = Release|Any CPU
		{A02EA40C-BB02-4664-845B-993BD1D89942}.Release|x86.ActiveCfg = Release|Any CPU
		{A02EA40C-BB02-4664-845B-993BD1D89942}.Release|x86.Build.0 = Release|Any CPU
		{0FEC1862-AD85-4611-848F-FEA9E68A77DF}.Debug|Any CPU.ActiveCfg = Debug|Any CPU
		{0FEC1862-AD85-4611-848F-FEA9E68A77DF}.Debug|Any CPU.Build.0 = Debug|Any CPU
		{0FEC1862-AD85-4611-848F-FEA9E68A77DF}.Debug|x64.ActiveCfg = Debug|Any CPU
		{0FEC1862-AD85-4611-848F-FEA9E68A77DF}.Debug|x64.Build.0 = Debug|Any CPU
		{0FEC1862-AD85-4611-848F-FEA9E68A77DF}.Debug|x86.ActiveCfg = Debug|Any CPU
		{0FEC1862-AD85-4611-848F-FEA9E68A77DF}.Debug|x86.Build.0 = Debug|Any CPU
		{0FEC1862-AD85-4611-848F-FEA9E68A77DF}.Release|Any CPU.ActiveCfg = Release|Any CPU
		{0FEC1862-AD85-4611-848F-FEA9E68A77DF}.Release|Any CPU.Build.0 = Release|Any CPU
		{0FEC1862-AD85-4611-848F-FEA9E68A77DF}.Release|x64.ActiveCfg = Release|Any CPU
		{0FEC1862-AD85-4611-848F-FEA9E68A77DF}.Release|x64.Build.0 = Release|Any CPU
		{0FEC1862-AD85-4611-848F-FEA9E68A77DF}.Release|x86.ActiveCfg = Release|Any CPU
		{0FEC1862-AD85-4611-848F-FEA9E68A77DF}.Release|x86.Build.0 = Release|Any CPU
		{6AE5EBA0-A9FB-4FBF-BF9D-9AF2305ECE55}.Debug|Any CPU.ActiveCfg = Debug|Any CPU
		{6AE5EBA0-A9FB-4FBF-BF9D-9AF2305ECE55}.Debug|Any CPU.Build.0 = Debug|Any CPU
		{6AE5EBA0-A9FB-4FBF-BF9D-9AF2305ECE55}.Debug|x64.ActiveCfg = Debug|Any CPU
		{6AE5EBA0-A9FB-4FBF-BF9D-9AF2305ECE55}.Debug|x64.Build.0 = Debug|Any CPU
		{6AE5EBA0-A9FB-4FBF-BF9D-9AF2305ECE55}.Debug|x86.ActiveCfg = Debug|Any CPU
		{6AE5EBA0-A9FB-4FBF-BF9D-9AF2305ECE55}.Debug|x86.Build.0 = Debug|Any CPU
		{6AE5EBA0-A9FB-4FBF-BF9D-9AF2305ECE55}.Release|Any CPU.ActiveCfg = Release|Any CPU
		{6AE5EBA0-A9FB-4FBF-BF9D-9AF2305ECE55}.Release|Any CPU.Build.0 = Release|Any CPU
		{6AE5EBA0-A9FB-4FBF-BF9D-9AF2305ECE55}.Release|x64.ActiveCfg = Release|Any CPU
		{6AE5EBA0-A9FB-4FBF-BF9D-9AF2305ECE55}.Release|x64.Build.0 = Release|Any CPU
		{6AE5EBA0-A9FB-4FBF-BF9D-9AF2305ECE55}.Release|x86.ActiveCfg = Release|Any CPU
		{6AE5EBA0-A9FB-4FBF-BF9D-9AF2305ECE55}.Release|x86.Build.0 = Release|Any CPU
		{21B5E409-F33A-4061-B418-D448A7F38E1C}.Debug|Any CPU.ActiveCfg = Debug|Any CPU
		{21B5E409-F33A-4061-B418-D448A7F38E1C}.Debug|Any CPU.Build.0 = Debug|Any CPU
		{21B5E409-F33A-4061-B418-D448A7F38E1C}.Debug|x64.ActiveCfg = Debug|Any CPU
		{21B5E409-F33A-4061-B418-D448A7F38E1C}.Debug|x64.Build.0 = Debug|Any CPU
		{21B5E409-F33A-4061-B418-D448A7F38E1C}.Debug|x86.ActiveCfg = Debug|Any CPU
		{21B5E409-F33A-4061-B418-D448A7F38E1C}.Debug|x86.Build.0 = Debug|Any CPU
		{21B5E409-F33A-4061-B418-D448A7F38E1C}.Release|Any CPU.ActiveCfg = Release|Any CPU
		{21B5E409-F33A-4061-B418-D448A7F38E1C}.Release|Any CPU.Build.0 = Release|Any CPU
		{21B5E409-F33A-4061-B418-D448A7F38E1C}.Release|x64.ActiveCfg = Release|Any CPU
		{21B5E409-F33A-4061-B418-D448A7F38E1C}.Release|x64.Build.0 = Release|Any CPU
		{21B5E409-F33A-4061-B418-D448A7F38E1C}.Release|x86.ActiveCfg = Release|Any CPU
		{21B5E409-F33A-4061-B418-D448A7F38E1C}.Release|x86.Build.0 = Release|Any CPU
		{0A452921-D7F1-49C6-9516-D0DBF3388D4D}.Debug|Any CPU.ActiveCfg = Debug|Any CPU
		{0A452921-D7F1-49C6-9516-D0DBF3388D4D}.Debug|Any CPU.Build.0 = Debug|Any CPU
		{0A452921-D7F1-49C6-9516-D0DBF3388D4D}.Debug|x64.ActiveCfg = Debug|Any CPU
		{0A452921-D7F1-49C6-9516-D0DBF3388D4D}.Debug|x64.Build.0 = Debug|Any CPU
		{0A452921-D7F1-49C6-9516-D0DBF3388D4D}.Debug|x86.ActiveCfg = Debug|Any CPU
		{0A452921-D7F1-49C6-9516-D0DBF3388D4D}.Debug|x86.Build.0 = Debug|Any CPU
		{0A452921-D7F1-49C6-9516-D0DBF3388D4D}.Release|Any CPU.ActiveCfg = Release|Any CPU
		{0A452921-D7F1-49C6-9516-D0DBF3388D4D}.Release|Any CPU.Build.0 = Release|Any CPU
		{0A452921-D7F1-49C6-9516-D0DBF3388D4D}.Release|x64.ActiveCfg = Release|Any CPU
		{0A452921-D7F1-49C6-9516-D0DBF3388D4D}.Release|x64.Build.0 = Release|Any CPU
		{0A452921-D7F1-49C6-9516-D0DBF3388D4D}.Release|x86.ActiveCfg = Release|Any CPU
		{0A452921-D7F1-49C6-9516-D0DBF3388D4D}.Release|x86.Build.0 = Release|Any CPU
		{2FF2C35E-BF10-4A82-8700-3F04234504CE}.Debug|Any CPU.ActiveCfg = Debug|Any CPU
		{2FF2C35E-BF10-4A82-8700-3F04234504CE}.Debug|Any CPU.Build.0 = Debug|Any CPU
		{2FF2C35E-BF10-4A82-8700-3F04234504CE}.Debug|x64.ActiveCfg = Debug|Any CPU
		{2FF2C35E-BF10-4A82-8700-3F04234504CE}.Debug|x64.Build.0 = Debug|Any CPU
		{2FF2C35E-BF10-4A82-8700-3F04234504CE}.Debug|x86.ActiveCfg = Debug|Any CPU
		{2FF2C35E-BF10-4A82-8700-3F04234504CE}.Debug|x86.Build.0 = Debug|Any CPU
		{2FF2C35E-BF10-4A82-8700-3F04234504CE}.Release|Any CPU.ActiveCfg = Release|Any CPU
		{2FF2C35E-BF10-4A82-8700-3F04234504CE}.Release|Any CPU.Build.0 = Release|Any CPU
		{2FF2C35E-BF10-4A82-8700-3F04234504CE}.Release|x64.ActiveCfg = Release|Any CPU
		{2FF2C35E-BF10-4A82-8700-3F04234504CE}.Release|x64.Build.0 = Release|Any CPU
		{2FF2C35E-BF10-4A82-8700-3F04234504CE}.Release|x86.ActiveCfg = Release|Any CPU
		{2FF2C35E-BF10-4A82-8700-3F04234504CE}.Release|x86.Build.0 = Release|Any CPU
		{F6B394A5-E487-4D84-9F6B-4B3E45FFF7D6}.Debug|Any CPU.ActiveCfg = Debug|Any CPU
		{F6B394A5-E487-4D84-9F6B-4B3E45FFF7D6}.Debug|Any CPU.Build.0 = Debug|Any CPU
		{F6B394A5-E487-4D84-9F6B-4B3E45FFF7D6}.Debug|x64.ActiveCfg = Debug|Any CPU
		{F6B394A5-E487-4D84-9F6B-4B3E45FFF7D6}.Debug|x64.Build.0 = Debug|Any CPU
		{F6B394A5-E487-4D84-9F6B-4B3E45FFF7D6}.Debug|x86.ActiveCfg = Debug|Any CPU
		{F6B394A5-E487-4D84-9F6B-4B3E45FFF7D6}.Debug|x86.Build.0 = Debug|Any CPU
		{F6B394A5-E487-4D84-9F6B-4B3E45FFF7D6}.Release|Any CPU.ActiveCfg = Release|Any CPU
		{F6B394A5-E487-4D84-9F6B-4B3E45FFF7D6}.Release|Any CPU.Build.0 = Release|Any CPU
		{F6B394A5-E487-4D84-9F6B-4B3E45FFF7D6}.Release|x64.ActiveCfg = Release|Any CPU
		{F6B394A5-E487-4D84-9F6B-4B3E45FFF7D6}.Release|x64.Build.0 = Release|Any CPU
		{F6B394A5-E487-4D84-9F6B-4B3E45FFF7D6}.Release|x86.ActiveCfg = Release|Any CPU
		{F6B394A5-E487-4D84-9F6B-4B3E45FFF7D6}.Release|x86.Build.0 = Release|Any CPU
		{A91BC996-BE05-445A-98AD-DC9E5642E2C9}.Debug|Any CPU.ActiveCfg = Debug|Any CPU
		{A91BC996-BE05-445A-98AD-DC9E5642E2C9}.Debug|Any CPU.Build.0 = Debug|Any CPU
		{A91BC996-BE05-445A-98AD-DC9E5642E2C9}.Debug|x64.ActiveCfg = Debug|Any CPU
		{A91BC996-BE05-445A-98AD-DC9E5642E2C9}.Debug|x64.Build.0 = Debug|Any CPU
		{A91BC996-BE05-445A-98AD-DC9E5642E2C9}.Debug|x86.ActiveCfg = Debug|Any CPU
		{A91BC996-BE05-445A-98AD-DC9E5642E2C9}.Debug|x86.Build.0 = Debug|Any CPU
		{A91BC996-BE05-445A-98AD-DC9E5642E2C9}.Release|Any CPU.ActiveCfg = Release|Any CPU
		{A91BC996-BE05-445A-98AD-DC9E5642E2C9}.Release|Any CPU.Build.0 = Release|Any CPU
		{A91BC996-BE05-445A-98AD-DC9E5642E2C9}.Release|x64.ActiveCfg = Release|Any CPU
		{A91BC996-BE05-445A-98AD-DC9E5642E2C9}.Release|x64.Build.0 = Release|Any CPU
		{A91BC996-BE05-445A-98AD-DC9E5642E2C9}.Release|x86.ActiveCfg = Release|Any CPU
		{A91BC996-BE05-445A-98AD-DC9E5642E2C9}.Release|x86.Build.0 = Release|Any CPU
		{8A4C557D-11CC-49CB-B324-B124E9C3FBB6}.Debug|Any CPU.ActiveCfg = Debug|Any CPU
		{8A4C557D-11CC-49CB-B324-B124E9C3FBB6}.Debug|Any CPU.Build.0 = Debug|Any CPU
		{8A4C557D-11CC-49CB-B324-B124E9C3FBB6}.Debug|x64.ActiveCfg = Debug|Any CPU
		{8A4C557D-11CC-49CB-B324-B124E9C3FBB6}.Debug|x64.Build.0 = Debug|Any CPU
		{8A4C557D-11CC-49CB-B324-B124E9C3FBB6}.Debug|x86.ActiveCfg = Debug|Any CPU
		{8A4C557D-11CC-49CB-B324-B124E9C3FBB6}.Debug|x86.Build.0 = Debug|Any CPU
		{8A4C557D-11CC-49CB-B324-B124E9C3FBB6}.Release|Any CPU.ActiveCfg = Release|Any CPU
		{8A4C557D-11CC-49CB-B324-B124E9C3FBB6}.Release|Any CPU.Build.0 = Release|Any CPU
		{8A4C557D-11CC-49CB-B324-B124E9C3FBB6}.Release|x64.ActiveCfg = Release|Any CPU
		{8A4C557D-11CC-49CB-B324-B124E9C3FBB6}.Release|x64.Build.0 = Release|Any CPU
		{8A4C557D-11CC-49CB-B324-B124E9C3FBB6}.Release|x86.ActiveCfg = Release|Any CPU
		{8A4C557D-11CC-49CB-B324-B124E9C3FBB6}.Release|x86.Build.0 = Release|Any CPU
		{C7930C7C-8E44-4065-A460-DA4C84B902FB}.Debug|Any CPU.ActiveCfg = Debug|Any CPU
		{C7930C7C-8E44-4065-A460-DA4C84B902FB}.Debug|Any CPU.Build.0 = Debug|Any CPU
		{C7930C7C-8E44-4065-A460-DA4C84B902FB}.Debug|x64.ActiveCfg = Debug|Any CPU
		{C7930C7C-8E44-4065-A460-DA4C84B902FB}.Debug|x64.Build.0 = Debug|Any CPU
		{C7930C7C-8E44-4065-A460-DA4C84B902FB}.Debug|x86.ActiveCfg = Debug|Any CPU
		{C7930C7C-8E44-4065-A460-DA4C84B902FB}.Debug|x86.Build.0 = Debug|Any CPU
		{C7930C7C-8E44-4065-A460-DA4C84B902FB}.Release|Any CPU.ActiveCfg = Release|Any CPU
		{C7930C7C-8E44-4065-A460-DA4C84B902FB}.Release|Any CPU.Build.0 = Release|Any CPU
		{C7930C7C-8E44-4065-A460-DA4C84B902FB}.Release|x64.ActiveCfg = Release|Any CPU
		{C7930C7C-8E44-4065-A460-DA4C84B902FB}.Release|x64.Build.0 = Release|Any CPU
		{C7930C7C-8E44-4065-A460-DA4C84B902FB}.Release|x86.ActiveCfg = Release|Any CPU
		{C7930C7C-8E44-4065-A460-DA4C84B902FB}.Release|x86.Build.0 = Release|Any CPU
		{C459DE79-6BAD-4CDD-96B3-DE506A75CA98}.Debug|Any CPU.ActiveCfg = Debug|Any CPU
		{C459DE79-6BAD-4CDD-96B3-DE506A75CA98}.Debug|Any CPU.Build.0 = Debug|Any CPU
		{C459DE79-6BAD-4CDD-96B3-DE506A75CA98}.Debug|x64.ActiveCfg = Debug|Any CPU
		{C459DE79-6BAD-4CDD-96B3-DE506A75CA98}.Debug|x64.Build.0 = Debug|Any CPU
		{C459DE79-6BAD-4CDD-96B3-DE506A75CA98}.Debug|x86.ActiveCfg = Debug|Any CPU
		{C459DE79-6BAD-4CDD-96B3-DE506A75CA98}.Debug|x86.Build.0 = Debug|Any CPU
		{C459DE79-6BAD-4CDD-96B3-DE506A75CA98}.Release|Any CPU.ActiveCfg = Release|Any CPU
		{C459DE79-6BAD-4CDD-96B3-DE506A75CA98}.Release|Any CPU.Build.0 = Release|Any CPU
		{C459DE79-6BAD-4CDD-96B3-DE506A75CA98}.Release|x64.ActiveCfg = Release|Any CPU
		{C459DE79-6BAD-4CDD-96B3-DE506A75CA98}.Release|x64.Build.0 = Release|Any CPU
		{C459DE79-6BAD-4CDD-96B3-DE506A75CA98}.Release|x86.ActiveCfg = Release|Any CPU
		{C459DE79-6BAD-4CDD-96B3-DE506A75CA98}.Release|x86.Build.0 = Release|Any CPU
		{92DEE3D3-78F9-42E3-AC62-B8DA5226CE7C}.Debug|Any CPU.ActiveCfg = Debug|Any CPU
		{92DEE3D3-78F9-42E3-AC62-B8DA5226CE7C}.Debug|Any CPU.Build.0 = Debug|Any CPU
		{92DEE3D3-78F9-42E3-AC62-B8DA5226CE7C}.Debug|x64.ActiveCfg = Debug|Any CPU
		{92DEE3D3-78F9-42E3-AC62-B8DA5226CE7C}.Debug|x64.Build.0 = Debug|Any CPU
		{92DEE3D3-78F9-42E3-AC62-B8DA5226CE7C}.Debug|x86.ActiveCfg = Debug|Any CPU
		{92DEE3D3-78F9-42E3-AC62-B8DA5226CE7C}.Debug|x86.Build.0 = Debug|Any CPU
		{92DEE3D3-78F9-42E3-AC62-B8DA5226CE7C}.Release|Any CPU.ActiveCfg = Release|Any CPU
		{92DEE3D3-78F9-42E3-AC62-B8DA5226CE7C}.Release|Any CPU.Build.0 = Release|Any CPU
		{92DEE3D3-78F9-42E3-AC62-B8DA5226CE7C}.Release|x64.ActiveCfg = Release|Any CPU
		{92DEE3D3-78F9-42E3-AC62-B8DA5226CE7C}.Release|x64.Build.0 = Release|Any CPU
		{92DEE3D3-78F9-42E3-AC62-B8DA5226CE7C}.Release|x86.ActiveCfg = Release|Any CPU
		{92DEE3D3-78F9-42E3-AC62-B8DA5226CE7C}.Release|x86.Build.0 = Release|Any CPU
		{76220A74-1389-48E2-8588-03B7E1FC9E61}.Debug|Any CPU.ActiveCfg = Debug|Any CPU
		{76220A74-1389-48E2-8588-03B7E1FC9E61}.Debug|Any CPU.Build.0 = Debug|Any CPU
		{76220A74-1389-48E2-8588-03B7E1FC9E61}.Debug|x64.ActiveCfg = Debug|Any CPU
		{76220A74-1389-48E2-8588-03B7E1FC9E61}.Debug|x64.Build.0 = Debug|Any CPU
		{76220A74-1389-48E2-8588-03B7E1FC9E61}.Debug|x86.ActiveCfg = Debug|Any CPU
		{76220A74-1389-48E2-8588-03B7E1FC9E61}.Debug|x86.Build.0 = Debug|Any CPU
		{76220A74-1389-48E2-8588-03B7E1FC9E61}.Release|Any CPU.ActiveCfg = Release|Any CPU
		{76220A74-1389-48E2-8588-03B7E1FC9E61}.Release|Any CPU.Build.0 = Release|Any CPU
		{76220A74-1389-48E2-8588-03B7E1FC9E61}.Release|x64.ActiveCfg = Release|Any CPU
		{76220A74-1389-48E2-8588-03B7E1FC9E61}.Release|x64.Build.0 = Release|Any CPU
		{76220A74-1389-48E2-8588-03B7E1FC9E61}.Release|x86.ActiveCfg = Release|Any CPU
		{76220A74-1389-48E2-8588-03B7E1FC9E61}.Release|x86.Build.0 = Release|Any CPU
		{AF425A81-5A04-46AF-A93A-2D3226510FC7}.Debug|Any CPU.ActiveCfg = Debug|Any CPU
		{AF425A81-5A04-46AF-A93A-2D3226510FC7}.Debug|Any CPU.Build.0 = Debug|Any CPU
		{AF425A81-5A04-46AF-A93A-2D3226510FC7}.Debug|x64.ActiveCfg = Debug|Any CPU
		{AF425A81-5A04-46AF-A93A-2D3226510FC7}.Debug|x64.Build.0 = Debug|Any CPU
		{AF425A81-5A04-46AF-A93A-2D3226510FC7}.Debug|x86.ActiveCfg = Debug|Any CPU
		{AF425A81-5A04-46AF-A93A-2D3226510FC7}.Debug|x86.Build.0 = Debug|Any CPU
		{AF425A81-5A04-46AF-A93A-2D3226510FC7}.Release|Any CPU.ActiveCfg = Release|Any CPU
		{AF425A81-5A04-46AF-A93A-2D3226510FC7}.Release|Any CPU.Build.0 = Release|Any CPU
		{AF425A81-5A04-46AF-A93A-2D3226510FC7}.Release|x64.ActiveCfg = Release|Any CPU
		{AF425A81-5A04-46AF-A93A-2D3226510FC7}.Release|x64.Build.0 = Release|Any CPU
		{AF425A81-5A04-46AF-A93A-2D3226510FC7}.Release|x86.ActiveCfg = Release|Any CPU
		{AF425A81-5A04-46AF-A93A-2D3226510FC7}.Release|x86.Build.0 = Release|Any CPU
		{A1C62208-6E09-479F-BA1E-C7C874327D06}.Debug|Any CPU.ActiveCfg = Debug|Any CPU
		{A1C62208-6E09-479F-BA1E-C7C874327D06}.Debug|Any CPU.Build.0 = Debug|Any CPU
		{A1C62208-6E09-479F-BA1E-C7C874327D06}.Debug|x64.ActiveCfg = Debug|Any CPU
		{A1C62208-6E09-479F-BA1E-C7C874327D06}.Debug|x64.Build.0 = Debug|Any CPU
		{A1C62208-6E09-479F-BA1E-C7C874327D06}.Debug|x86.ActiveCfg = Debug|Any CPU
		{A1C62208-6E09-479F-BA1E-C7C874327D06}.Debug|x86.Build.0 = Debug|Any CPU
		{A1C62208-6E09-479F-BA1E-C7C874327D06}.Release|Any CPU.ActiveCfg = Release|Any CPU
		{A1C62208-6E09-479F-BA1E-C7C874327D06}.Release|Any CPU.Build.0 = Release|Any CPU
		{A1C62208-6E09-479F-BA1E-C7C874327D06}.Release|x64.ActiveCfg = Release|Any CPU
		{A1C62208-6E09-479F-BA1E-C7C874327D06}.Release|x64.Build.0 = Release|Any CPU
		{A1C62208-6E09-479F-BA1E-C7C874327D06}.Release|x86.ActiveCfg = Release|Any CPU
		{A1C62208-6E09-479F-BA1E-C7C874327D06}.Release|x86.Build.0 = Release|Any CPU
		{BCEC04F6-4A36-47AD-9F36-5E865B123768}.Debug|Any CPU.ActiveCfg = Debug|Any CPU
		{BCEC04F6-4A36-47AD-9F36-5E865B123768}.Debug|Any CPU.Build.0 = Debug|Any CPU
		{BCEC04F6-4A36-47AD-9F36-5E865B123768}.Debug|x64.ActiveCfg = Debug|Any CPU
		{BCEC04F6-4A36-47AD-9F36-5E865B123768}.Debug|x64.Build.0 = Debug|Any CPU
		{BCEC04F6-4A36-47AD-9F36-5E865B123768}.Debug|x86.ActiveCfg = Debug|Any CPU
		{BCEC04F6-4A36-47AD-9F36-5E865B123768}.Debug|x86.Build.0 = Debug|Any CPU
		{BCEC04F6-4A36-47AD-9F36-5E865B123768}.Release|Any CPU.ActiveCfg = Release|Any CPU
		{BCEC04F6-4A36-47AD-9F36-5E865B123768}.Release|Any CPU.Build.0 = Release|Any CPU
		{BCEC04F6-4A36-47AD-9F36-5E865B123768}.Release|x64.ActiveCfg = Release|Any CPU
		{BCEC04F6-4A36-47AD-9F36-5E865B123768}.Release|x64.Build.0 = Release|Any CPU
		{BCEC04F6-4A36-47AD-9F36-5E865B123768}.Release|x86.ActiveCfg = Release|Any CPU
		{BCEC04F6-4A36-47AD-9F36-5E865B123768}.Release|x86.Build.0 = Release|Any CPU
		{F2DE26E9-4787-44A7-BDE6-821A01C8BD26}.Debug|Any CPU.ActiveCfg = Debug|Any CPU
		{F2DE26E9-4787-44A7-BDE6-821A01C8BD26}.Debug|Any CPU.Build.0 = Debug|Any CPU
		{F2DE26E9-4787-44A7-BDE6-821A01C8BD26}.Debug|x64.ActiveCfg = Debug|Any CPU
		{F2DE26E9-4787-44A7-BDE6-821A01C8BD26}.Debug|x64.Build.0 = Debug|Any CPU
		{F2DE26E9-4787-44A7-BDE6-821A01C8BD26}.Debug|x86.ActiveCfg = Debug|Any CPU
		{F2DE26E9-4787-44A7-BDE6-821A01C8BD26}.Debug|x86.Build.0 = Debug|Any CPU
		{F2DE26E9-4787-44A7-BDE6-821A01C8BD26}.Release|Any CPU.ActiveCfg = Release|Any CPU
		{F2DE26E9-4787-44A7-BDE6-821A01C8BD26}.Release|Any CPU.Build.0 = Release|Any CPU
		{F2DE26E9-4787-44A7-BDE6-821A01C8BD26}.Release|x64.ActiveCfg = Release|Any CPU
		{F2DE26E9-4787-44A7-BDE6-821A01C8BD26}.Release|x64.Build.0 = Release|Any CPU
		{F2DE26E9-4787-44A7-BDE6-821A01C8BD26}.Release|x86.ActiveCfg = Release|Any CPU
		{F2DE26E9-4787-44A7-BDE6-821A01C8BD26}.Release|x86.Build.0 = Release|Any CPU
	EndGlobalSection
	GlobalSection(SolutionProperties) = preSolution
		HideSolutionNode = FALSE
	EndGlobalSection
	GlobalSection(NestedProjects) = preSolution
		{A1251546-8357-94C6-5DF0-012E3D0ABB79} = {B8EFCA5F-814F-285C-A8CB-F00F14650265}
		{F9936475-1FF9-4E5F-A10D-A70402E93588} = {A1251546-8357-94C6-5DF0-012E3D0ABB79}
		{B87B177C-ED96-4ED4-91F5-572C17534E7C} = {A1251546-8357-94C6-5DF0-012E3D0ABB79}
		{079B445D-A990-464F-A4E8-7E1EE90BD838} = {A1251546-8357-94C6-5DF0-012E3D0ABB79}
		{E54BA512-FD69-4458-A4EA-B7F1B18F9D9E} = {A1251546-8357-94C6-5DF0-012E3D0ABB79}
		{646CF2CC-0D9B-421F-A61F-0D259652C49A} = {A1251546-8357-94C6-5DF0-012E3D0ABB79}
		{03878EE3-C00C-49B7-84A0-CDBA8D7455E6} = {A1251546-8357-94C6-5DF0-012E3D0ABB79}
		{A02EA40C-BB02-4664-845B-993BD1D89942} = {A1251546-8357-94C6-5DF0-012E3D0ABB79}
		{0FEC1862-AD85-4611-848F-FEA9E68A77DF} = {A1251546-8357-94C6-5DF0-012E3D0ABB79}
		{6AE5EBA0-A9FB-4FBF-BF9D-9AF2305ECE55} = {A1251546-8357-94C6-5DF0-012E3D0ABB79}
		{21B5E409-F33A-4061-B418-D448A7F38E1C} = {A1251546-8357-94C6-5DF0-012E3D0ABB79}
		{0A452921-D7F1-49C6-9516-D0DBF3388D4D} = {A1251546-8357-94C6-5DF0-012E3D0ABB79}
		{2FF2C35E-BF10-4A82-8700-3F04234504CE} = {A1251546-8357-94C6-5DF0-012E3D0ABB79}
		{F6B394A5-E487-4D84-9F6B-4B3E45FFF7D6} = {A1251546-8357-94C6-5DF0-012E3D0ABB79}
		{6577ED69-12F7-6355-A3C8-378106AB96C4} = {B8EFCA5F-814F-285C-A8CB-F00F14650265}
		{5EE77F12-8345-053A-19C7-03960C23273E} = {6577ED69-12F7-6355-A3C8-378106AB96C4}
		{A91BC996-BE05-445A-98AD-DC9E5642E2C9} = {5EE77F12-8345-053A-19C7-03960C23273E}
		{8A4C557D-11CC-49CB-B324-B124E9C3FBB6} = {5EE77F12-8345-053A-19C7-03960C23273E}
		{C7930C7C-8E44-4065-A460-DA4C84B902FB} = {5EE77F12-8345-053A-19C7-03960C23273E}
		{C459DE79-6BAD-4CDD-96B3-DE506A75CA98} = {5EE77F12-8345-053A-19C7-03960C23273E}
		{92DEE3D3-78F9-42E3-AC62-B8DA5226CE7C} = {5EE77F12-8345-053A-19C7-03960C23273E}
		{76220A74-1389-48E2-8588-03B7E1FC9E61} = {5EE77F12-8345-053A-19C7-03960C23273E}
		{AF425A81-5A04-46AF-A93A-2D3226510FC7} = {5EE77F12-8345-053A-19C7-03960C23273E}
		{A1C62208-6E09-479F-BA1E-C7C874327D06} = {5EE77F12-8345-053A-19C7-03960C23273E}
		{BCEC04F6-4A36-47AD-9F36-5E865B123768} = {5EE77F12-8345-053A-19C7-03960C23273E}
		{F2DE26E9-4787-44A7-BDE6-821A01C8BD26} = {5EE77F12-8345-053A-19C7-03960C23273E}
	EndGlobalSection
EndGlobal
